// !$*UTF8*$!
{
	archiveVersion = 1;
	classes = {
	};
	objectVersion = 45;
	objects = {

/* Begin PBXBuildFile section */
		7C437A6F117F04CA000A4FC4 /* MercatorProjection.h in Headers */ = {isa = PBXBuildFile; fileRef = 7C437A6D117F04CA000A4FC4 /* MercatorProjection.h */; };
		7C437A70117F04CA000A4FC4 /* MercatorProjection.m in Sources */ = {isa = PBXBuildFile; fileRef = 7C437A6E117F04CA000A4FC4 /* MercatorProjection.m */; };
		7C437C83117F5C10000A4FC4 /* ClusterView.h in Headers */ = {isa = PBXBuildFile; fileRef = 7C437C81117F5C10000A4FC4 /* ClusterView.h */; };
		7C437C84117F5C10000A4FC4 /* ClusterView.m in Sources */ = {isa = PBXBuildFile; fileRef = 7C437C82117F5C10000A4FC4 /* ClusterView.m */; };
		7C437D851180417E000A4FC4 /* TileService.h in Headers */ = {isa = PBXBuildFile; fileRef = 7C437D831180417E000A4FC4 /* TileService.h */; };
		7C437D861180417E000A4FC4 /* TileService.m in Sources */ = {isa = PBXBuildFile; fileRef = 7C437D841180417E000A4FC4 /* TileService.m */; };
		7C437E0811805D79000A4FC4 /* TileCache.h in Headers */ = {isa = PBXBuildFile; fileRef = 7C437E0611805D79000A4FC4 /* TileCache.h */; };
		7C437E0911805D79000A4FC4 /* TileCache.m in Sources */ = {isa = PBXBuildFile; fileRef = 7C437E0711805D79000A4FC4 /* TileCache.m */; };
		7C437E0E11805F13000A4FC4 /* Tile.h in Headers */ = {isa = PBXBuildFile; fileRef = 7C437E0C11805F13000A4FC4 /* Tile.h */; };
		7C437E0F11805F13000A4FC4 /* Tile.m in Sources */ = {isa = PBXBuildFile; fileRef = 7C437E0D11805F13000A4FC4 /* Tile.m */; };
		7C437FD41180A3A7000A4FC4 /* MaptimizeController.h in Headers */ = {isa = PBXBuildFile; fileRef = 7C437FD21180A3A7000A4FC4 /* MaptimizeController.h */; };
		7C437FD51180A3A7000A4FC4 /* MaptimizeController.m in Sources */ = {isa = PBXBuildFile; fileRef = 7C437FD31180A3A7000A4FC4 /* MaptimizeController.m */; };
		7C4380731180B7C2000A4FC4 /* Marker.h in Headers */ = {isa = PBXBuildFile; fileRef = 7C4380711180B7C2000A4FC4 /* Marker.h */; };
		7C4380741180B7C2000A4FC4 /* Marker.m in Sources */ = {isa = PBXBuildFile; fileRef = 7C4380721180B7C2000A4FC4 /* Marker.m */; };
		7C43808B1180BA0F000A4FC4 /* Placemark.h in Headers */ = {isa = PBXBuildFile; fileRef = 7C4380891180BA0F000A4FC4 /* Placemark.h */; };
		7C43808C1180BA0F000A4FC4 /* Placemark.m in Sources */ = {isa = PBXBuildFile; fileRef = 7C43808A1180BA0F000A4FC4 /* Placemark.m */; };
		7C43818C11818B47000A4FC4 /* MaptimizeRequest.h in Headers */ = {isa = PBXBuildFile; fileRef = 7C43818A11818B47000A4FC4 /* MaptimizeRequest.h */; };
		7C43818D11818B47000A4FC4 /* MaptimizeRequest.m in Sources */ = {isa = PBXBuildFile; fileRef = 7C43818B11818B47000A4FC4 /* MaptimizeRequest.m */; };
		7C43819011818BF1000A4FC4 /* Bounds.h in Headers */ = {isa = PBXBuildFile; fileRef = 7C43818E11818BF1000A4FC4 /* Bounds.h */; };
		7C43819111818BF1000A4FC4 /* Bounds.m in Sources */ = {isa = PBXBuildFile; fileRef = 7C43818F11818BF1000A4FC4 /* Bounds.m */; };
		7CFBA1AF117C8452001128B5 /* MaptimizeService.h in Headers */ = {isa = PBXBuildFile; fileRef = 7CFBA1AD117C8452001128B5 /* MaptimizeService.h */; };
		7CFBA1B0117C8452001128B5 /* MaptimizeService.m in Sources */ = {isa = PBXBuildFile; fileRef = 7CFBA1AE117C8452001128B5 /* MaptimizeService.m */; };
		7CFBA20B117C8AE0001128B5 /* ASIHTTPRequestConfig.h in Headers */ = {isa = PBXBuildFile; fileRef = 7CFBA209117C8AE0001128B5 /* ASIHTTPRequestConfig.h */; };
		7CFBA20C117C8AE0001128B5 /* ASIHTTPRequestDelegate.h in Headers */ = {isa = PBXBuildFile; fileRef = 7CFBA20A117C8AE0001128B5 /* ASIHTTPRequestDelegate.h */; };
		7CFBA20E117C8B09001128B5 /* ASIProgressDelegate.h in Headers */ = {isa = PBXBuildFile; fileRef = 7CFBA20D117C8B09001128B5 /* ASIProgressDelegate.h */; };
		7CFBA211117C8B17001128B5 /* ASIInputStream.h in Headers */ = {isa = PBXBuildFile; fileRef = 7CFBA20F117C8B17001128B5 /* ASIInputStream.h */; };
		7CFBA212117C8B17001128B5 /* ASIInputStream.m in Sources */ = {isa = PBXBuildFile; fileRef = 7CFBA210117C8B17001128B5 /* ASIInputStream.m */; };
		7CFBA215117C8B2F001128B5 /* ASIHTTPRequest.h in Headers */ = {isa = PBXBuildFile; fileRef = 7CFBA213117C8B2F001128B5 /* ASIHTTPRequest.h */; };
		7CFBA216117C8B2F001128B5 /* ASIHTTPRequest.m in Sources */ = {isa = PBXBuildFile; fileRef = 7CFBA214117C8B2F001128B5 /* ASIHTTPRequest.m */; };
		7CFBA21B117C8B45001128B5 /* ASINetworkQueue.h in Headers */ = {isa = PBXBuildFile; fileRef = 7CFBA217117C8B45001128B5 /* ASINetworkQueue.h */; };
		7CFBA21C117C8B45001128B5 /* ASINetworkQueue.m in Sources */ = {isa = PBXBuildFile; fileRef = 7CFBA218117C8B45001128B5 /* ASINetworkQueue.m */; };
		7CFBA21D117C8B45001128B5 /* ASINSStringAdditions.h in Headers */ = {isa = PBXBuildFile; fileRef = 7CFBA219117C8B45001128B5 /* ASINSStringAdditions.h */; };
		7CFBA21E117C8B45001128B5 /* ASINSStringAdditions.m in Sources */ = {isa = PBXBuildFile; fileRef = 7CFBA21A117C8B45001128B5 /* ASINSStringAdditions.m */; };
		7CFBA221117C8B55001128B5 /* ASIFormDataRequest.h in Headers */ = {isa = PBXBuildFile; fileRef = 7CFBA21F117C8B55001128B5 /* ASIFormDataRequest.h */; };
		7CFBA222117C8B55001128B5 /* ASIFormDataRequest.m in Sources */ = {isa = PBXBuildFile; fileRef = 7CFBA220117C8B55001128B5 /* ASIFormDataRequest.m */; };
		7CFBA225117C8B80001128B5 /* ASIAuthenticationDialog.h in Headers */ = {isa = PBXBuildFile; fileRef = 7CFBA223117C8B80001128B5 /* ASIAuthenticationDialog.h */; };
		7CFBA226117C8B80001128B5 /* ASIAuthenticationDialog.m in Sources */ = {isa = PBXBuildFile; fileRef = 7CFBA224117C8B80001128B5 /* ASIAuthenticationDialog.m */; };
		7CFBA229117C8C00001128B5 /* Reachability.h in Headers */ = {isa = PBXBuildFile; fileRef = 7CFBA227117C8C00001128B5 /* Reachability.h */; };
		7CFBA22A117C8C00001128B5 /* Reachability.m in Sources */ = {isa = PBXBuildFile; fileRef = 7CFBA228117C8C00001128B5 /* Reachability.m */; };
		7CFBA27D117C8C8D001128B5 /* CFNetwork.framework in Frameworks */ = {isa = PBXBuildFile; fileRef = 7CFBA27C117C8C8D001128B5 /* CFNetwork.framework */; };
		7CFBA27F117C8C9C001128B5 /* SystemConfiguration.framework in Frameworks */ = {isa = PBXBuildFile; fileRef = 7CFBA27E117C8C9C001128B5 /* SystemConfiguration.framework */; };
		7CFBA281117C8CAA001128B5 /* MobileCoreServices.framework in Frameworks */ = {isa = PBXBuildFile; fileRef = 7CFBA280117C8CAA001128B5 /* MobileCoreServices.framework */; };
		7CFBA283117C8CC2001128B5 /* libz.1.2.3.dylib in Frameworks */ = {isa = PBXBuildFile; fileRef = 7CFBA282117C8CC2001128B5 /* libz.1.2.3.dylib */; };
		7CFBA2B2117C8D42001128B5 /* UIKit.framework in Frameworks */ = {isa = PBXBuildFile; fileRef = 7CFBA2B1117C8D42001128B5 /* UIKit.framework */; };
		7CFBA2DE117C8E6C001128B5 /* JSON.h in Headers */ = {isa = PBXBuildFile; fileRef = 7CFBA2D1117C8E6C001128B5 /* JSON.h */; };
		7CFBA2DF117C8E6C001128B5 /* NSObject+SBJSON.h in Headers */ = {isa = PBXBuildFile; fileRef = 7CFBA2D2117C8E6C001128B5 /* NSObject+SBJSON.h */; };
		7CFBA2E0117C8E6C001128B5 /* NSObject+SBJSON.m in Sources */ = {isa = PBXBuildFile; fileRef = 7CFBA2D3117C8E6C001128B5 /* NSObject+SBJSON.m */; };
		7CFBA2E1117C8E6C001128B5 /* NSString+SBJSON.h in Headers */ = {isa = PBXBuildFile; fileRef = 7CFBA2D4117C8E6C001128B5 /* NSString+SBJSON.h */; };
		7CFBA2E2117C8E6C001128B5 /* NSString+SBJSON.m in Sources */ = {isa = PBXBuildFile; fileRef = 7CFBA2D5117C8E6C001128B5 /* NSString+SBJSON.m */; };
		7CFBA2E3117C8E6C001128B5 /* SBJSON.h in Headers */ = {isa = PBXBuildFile; fileRef = 7CFBA2D6117C8E6C001128B5 /* SBJSON.h */; };
		7CFBA2E4117C8E6C001128B5 /* SBJSON.m in Sources */ = {isa = PBXBuildFile; fileRef = 7CFBA2D7117C8E6C001128B5 /* SBJSON.m */; };
		7CFBA2E5117C8E6C001128B5 /* SBJsonBase.h in Headers */ = {isa = PBXBuildFile; fileRef = 7CFBA2D8117C8E6C001128B5 /* SBJsonBase.h */; };
		7CFBA2E6117C8E6C001128B5 /* SBJsonBase.m in Sources */ = {isa = PBXBuildFile; fileRef = 7CFBA2D9117C8E6C001128B5 /* SBJsonBase.m */; };
		7CFBA2E7117C8E6C001128B5 /* SBJsonParser.h in Headers */ = {isa = PBXBuildFile; fileRef = 7CFBA2DA117C8E6C001128B5 /* SBJsonParser.h */; };
		7CFBA2E8117C8E6C001128B5 /* SBJsonParser.m in Sources */ = {isa = PBXBuildFile; fileRef = 7CFBA2DB117C8E6C001128B5 /* SBJsonParser.m */; };
		7CFBA2E9117C8E6C001128B5 /* SBJsonWriter.h in Headers */ = {isa = PBXBuildFile; fileRef = 7CFBA2DC117C8E6C001128B5 /* SBJsonWriter.h */; };
		7CFBA2EA117C8E6C001128B5 /* SBJsonWriter.m in Sources */ = {isa = PBXBuildFile; fileRef = 7CFBA2DD117C8E6C001128B5 /* SBJsonWriter.m */; };
		7CFBA346117C922B001128B5 /* NetworkErrors.h in Headers */ = {isa = PBXBuildFile; fileRef = 7CFBA345117C922B001128B5 /* NetworkErrors.h */; };
		7CFBA371117C94A2001128B5 /* CoreLocation.framework in Frameworks */ = {isa = PBXBuildFile; fileRef = 7CFBA370117C94A2001128B5 /* CoreLocation.framework */; };
		7CFBA377117C94DC001128B5 /* MapKit.framework in Frameworks */ = {isa = PBXBuildFile; fileRef = 7CFBA376117C94DC001128B5 /* MapKit.framework */; };
		7CFBA8BD117DF1A1001128B5 /* Cluster.h in Headers */ = {isa = PBXBuildFile; fileRef = 7CFBA8BB117DF1A1001128B5 /* Cluster.h */; };
		7CFBA8BE117DF1A1001128B5 /* Cluster.m in Sources */ = {isa = PBXBuildFile; fileRef = 7CFBA8BC117DF1A1001128B5 /* Cluster.m */; };
		AA747D9F0F9514B9006C5449 /* MaptimizeKit_Prefix.pch in Headers */ = {isa = PBXBuildFile; fileRef = AA747D9E0F9514B9006C5449 /* MaptimizeKit_Prefix.pch */; };
		AACBBE4A0F95108600F1A2B1 /* Foundation.framework in Frameworks */ = {isa = PBXBuildFile; fileRef = AACBBE490F95108600F1A2B1 /* Foundation.framework */; };
/* End PBXBuildFile section */

/* Begin PBXContainerItemProxy section */
		7CFBA2FE117C8FA4001128B5 /* PBXContainerItemProxy */ = {
			isa = PBXContainerItemProxy;
			containerPortal = 7CFBA2F7117C8FA4001128B5 /* TouchCustoms.xcodeproj */;
			proxyType = 2;
			remoteGlobalIDString = D2AAC07E0554694100DB518D;
			remoteInfo = TouchCustoms;
		};
		7CFBA39E117C96A0001128B5 /* PBXContainerItemProxy */ = {
			isa = PBXContainerItemProxy;
			containerPortal = 7CFBA2F7117C8FA4001128B5 /* TouchCustoms.xcodeproj */;
			proxyType = 1;
			remoteGlobalIDString = D2AAC07D0554694100DB518D;
			remoteInfo = TouchCustoms;
		};
/* End PBXContainerItemProxy section */

/* Begin PBXFileReference section */
		7C437A6D117F04CA000A4FC4 /* MercatorProjection.h */ = {isa = PBXFileReference; fileEncoding = 4; lastKnownFileType = sourcecode.c.h; path = MercatorProjection.h; sourceTree = "<group>"; };
		7C437A6E117F04CA000A4FC4 /* MercatorProjection.m */ = {isa = PBXFileReference; fileEncoding = 4; lastKnownFileType = sourcecode.c.objc; path = MercatorProjection.m; sourceTree = "<group>"; };
		7C437C81117F5C10000A4FC4 /* ClusterView.h */ = {isa = PBXFileReference; fileEncoding = 4; lastKnownFileType = sourcecode.c.h; path = ClusterView.h; sourceTree = "<group>"; };
		7C437C82117F5C10000A4FC4 /* ClusterView.m */ = {isa = PBXFileReference; fileEncoding = 4; lastKnownFileType = sourcecode.c.objc; path = ClusterView.m; sourceTree = "<group>"; };
		7C437D831180417E000A4FC4 /* TileService.h */ = {isa = PBXFileReference; fileEncoding = 4; lastKnownFileType = sourcecode.c.h; path = TileService.h; sourceTree = "<group>"; };
		7C437D841180417E000A4FC4 /* TileService.m */ = {isa = PBXFileReference; fileEncoding = 4; lastKnownFileType = sourcecode.c.objc; path = TileService.m; sourceTree = "<group>"; };
		7C437E0611805D79000A4FC4 /* TileCache.h */ = {isa = PBXFileReference; fileEncoding = 4; lastKnownFileType = sourcecode.c.h; path = TileCache.h; sourceTree = "<group>"; };
		7C437E0711805D79000A4FC4 /* TileCache.m */ = {isa = PBXFileReference; fileEncoding = 4; lastKnownFileType = sourcecode.c.objc; path = TileCache.m; sourceTree = "<group>"; };
		7C437E0C11805F13000A4FC4 /* Tile.h */ = {isa = PBXFileReference; fileEncoding = 4; lastKnownFileType = sourcecode.c.h; path = Tile.h; sourceTree = "<group>"; };
		7C437E0D11805F13000A4FC4 /* Tile.m */ = {isa = PBXFileReference; fileEncoding = 4; lastKnownFileType = sourcecode.c.objc; path = Tile.m; sourceTree = "<group>"; };
		7C437FD21180A3A7000A4FC4 /* MaptimizeController.h */ = {isa = PBXFileReference; fileEncoding = 4; lastKnownFileType = sourcecode.c.h; path = MaptimizeController.h; sourceTree = "<group>"; };
		7C437FD31180A3A7000A4FC4 /* MaptimizeController.m */ = {isa = PBXFileReference; fileEncoding = 4; lastKnownFileType = sourcecode.c.objc; path = MaptimizeController.m; sourceTree = "<group>"; };
		7C4380711180B7C2000A4FC4 /* Marker.h */ = {isa = PBXFileReference; fileEncoding = 4; lastKnownFileType = sourcecode.c.h; path = Marker.h; sourceTree = "<group>"; };
		7C4380721180B7C2000A4FC4 /* Marker.m */ = {isa = PBXFileReference; fileEncoding = 4; lastKnownFileType = sourcecode.c.objc; path = Marker.m; sourceTree = "<group>"; };
		7C4380891180BA0F000A4FC4 /* Placemark.h */ = {isa = PBXFileReference; fileEncoding = 4; lastKnownFileType = sourcecode.c.h; path = Placemark.h; sourceTree = "<group>"; };
		7C43808A1180BA0F000A4FC4 /* Placemark.m */ = {isa = PBXFileReference; fileEncoding = 4; lastKnownFileType = sourcecode.c.objc; path = Placemark.m; sourceTree = "<group>"; };
		7C43818A11818B47000A4FC4 /* MaptimizeRequest.h */ = {isa = PBXFileReference; fileEncoding = 4; lastKnownFileType = sourcecode.c.h; path = MaptimizeRequest.h; sourceTree = "<group>"; };
		7C43818B11818B47000A4FC4 /* MaptimizeRequest.m */ = {isa = PBXFileReference; fileEncoding = 4; lastKnownFileType = sourcecode.c.objc; path = MaptimizeRequest.m; sourceTree = "<group>"; };
		7C43818E11818BF1000A4FC4 /* Bounds.h */ = {isa = PBXFileReference; fileEncoding = 4; lastKnownFileType = sourcecode.c.h; path = Bounds.h; sourceTree = "<group>"; };
		7C43818F11818BF1000A4FC4 /* Bounds.m */ = {isa = PBXFileReference; fileEncoding = 4; lastKnownFileType = sourcecode.c.objc; path = Bounds.m; sourceTree = "<group>"; };
		7CFBA1AD117C8452001128B5 /* MaptimizeService.h */ = {isa = PBXFileReference; fileEncoding = 4; lastKnownFileType = sourcecode.c.h; path = MaptimizeService.h; sourceTree = "<group>"; };
		7CFBA1AE117C8452001128B5 /* MaptimizeService.m */ = {isa = PBXFileReference; fileEncoding = 4; lastKnownFileType = sourcecode.c.objc; path = MaptimizeService.m; sourceTree = "<group>"; };
		7CFBA209117C8AE0001128B5 /* ASIHTTPRequestConfig.h */ = {isa = PBXFileReference; fileEncoding = 4; lastKnownFileType = sourcecode.c.h; name = ASIHTTPRequestConfig.h; path = ASIHTTPRequest/Classes/ASIHTTPRequestConfig.h; sourceTree = SOURCE_ROOT; };
		7CFBA20A117C8AE0001128B5 /* ASIHTTPRequestDelegate.h */ = {isa = PBXFileReference; fileEncoding = 4; lastKnownFileType = sourcecode.c.h; name = ASIHTTPRequestDelegate.h; path = ASIHTTPRequest/Classes/ASIHTTPRequestDelegate.h; sourceTree = SOURCE_ROOT; };
		7CFBA20D117C8B09001128B5 /* ASIProgressDelegate.h */ = {isa = PBXFileReference; fileEncoding = 4; lastKnownFileType = sourcecode.c.h; name = ASIProgressDelegate.h; path = ASIHTTPRequest/Classes/ASIProgressDelegate.h; sourceTree = SOURCE_ROOT; };
		7CFBA20F117C8B17001128B5 /* ASIInputStream.h */ = {isa = PBXFileReference; fileEncoding = 4; lastKnownFileType = sourcecode.c.h; name = ASIInputStream.h; path = ASIHTTPRequest/Classes/ASIInputStream.h; sourceTree = SOURCE_ROOT; };
		7CFBA210117C8B17001128B5 /* ASIInputStream.m */ = {isa = PBXFileReference; fileEncoding = 4; lastKnownFileType = sourcecode.c.objc; name = ASIInputStream.m; path = ASIHTTPRequest/Classes/ASIInputStream.m; sourceTree = SOURCE_ROOT; };
		7CFBA213117C8B2F001128B5 /* ASIHTTPRequest.h */ = {isa = PBXFileReference; fileEncoding = 4; lastKnownFileType = sourcecode.c.h; name = ASIHTTPRequest.h; path = ASIHTTPRequest/Classes/ASIHTTPRequest.h; sourceTree = SOURCE_ROOT; };
		7CFBA214117C8B2F001128B5 /* ASIHTTPRequest.m */ = {isa = PBXFileReference; fileEncoding = 4; lastKnownFileType = sourcecode.c.objc; name = ASIHTTPRequest.m; path = ASIHTTPRequest/Classes/ASIHTTPRequest.m; sourceTree = SOURCE_ROOT; };
		7CFBA217117C8B45001128B5 /* ASINetworkQueue.h */ = {isa = PBXFileReference; fileEncoding = 4; lastKnownFileType = sourcecode.c.h; name = ASINetworkQueue.h; path = ASIHTTPRequest/Classes/ASINetworkQueue.h; sourceTree = SOURCE_ROOT; };
		7CFBA218117C8B45001128B5 /* ASINetworkQueue.m */ = {isa = PBXFileReference; fileEncoding = 4; lastKnownFileType = sourcecode.c.objc; name = ASINetworkQueue.m; path = ASIHTTPRequest/Classes/ASINetworkQueue.m; sourceTree = SOURCE_ROOT; };
		7CFBA219117C8B45001128B5 /* ASINSStringAdditions.h */ = {isa = PBXFileReference; fileEncoding = 4; lastKnownFileType = sourcecode.c.h; name = ASINSStringAdditions.h; path = ASIHTTPRequest/Classes/ASINSStringAdditions.h; sourceTree = SOURCE_ROOT; };
		7CFBA21A117C8B45001128B5 /* ASINSStringAdditions.m */ = {isa = PBXFileReference; fileEncoding = 4; lastKnownFileType = sourcecode.c.objc; name = ASINSStringAdditions.m; path = ASIHTTPRequest/Classes/ASINSStringAdditions.m; sourceTree = SOURCE_ROOT; };
		7CFBA21F117C8B55001128B5 /* ASIFormDataRequest.h */ = {isa = PBXFileReference; fileEncoding = 4; lastKnownFileType = sourcecode.c.h; name = ASIFormDataRequest.h; path = ASIHTTPRequest/Classes/ASIFormDataRequest.h; sourceTree = SOURCE_ROOT; };
		7CFBA220117C8B55001128B5 /* ASIFormDataRequest.m */ = {isa = PBXFileReference; fileEncoding = 4; lastKnownFileType = sourcecode.c.objc; name = ASIFormDataRequest.m; path = ASIHTTPRequest/Classes/ASIFormDataRequest.m; sourceTree = SOURCE_ROOT; };
		7CFBA223117C8B80001128B5 /* ASIAuthenticationDialog.h */ = {isa = PBXFileReference; fileEncoding = 4; lastKnownFileType = sourcecode.c.h; name = ASIAuthenticationDialog.h; path = ASIHTTPRequest/Classes/ASIAuthenticationDialog.h; sourceTree = SOURCE_ROOT; };
		7CFBA224117C8B80001128B5 /* ASIAuthenticationDialog.m */ = {isa = PBXFileReference; fileEncoding = 4; lastKnownFileType = sourcecode.c.objc; name = ASIAuthenticationDialog.m; path = ASIHTTPRequest/Classes/ASIAuthenticationDialog.m; sourceTree = SOURCE_ROOT; };
		7CFBA227117C8C00001128B5 /* Reachability.h */ = {isa = PBXFileReference; fileEncoding = 4; lastKnownFileType = sourcecode.c.h; name = Reachability.h; path = ASIHTTPRequest/External/Reachability2.0/Reachability.h; sourceTree = SOURCE_ROOT; };
		7CFBA228117C8C00001128B5 /* Reachability.m */ = {isa = PBXFileReference; fileEncoding = 4; lastKnownFileType = sourcecode.c.objc; name = Reachability.m; path = ASIHTTPRequest/External/Reachability2.0/Reachability.m; sourceTree = SOURCE_ROOT; };
		7CFBA27C117C8C8D001128B5 /* CFNetwork.framework */ = {isa = PBXFileReference; lastKnownFileType = wrapper.framework; name = CFNetwork.framework; path = System/Library/Frameworks/CFNetwork.framework; sourceTree = SDKROOT; };
		7CFBA27E117C8C9C001128B5 /* SystemConfiguration.framework */ = {isa = PBXFileReference; lastKnownFileType = wrapper.framework; name = SystemConfiguration.framework; path = System/Library/Frameworks/SystemConfiguration.framework; sourceTree = SDKROOT; };
		7CFBA280117C8CAA001128B5 /* MobileCoreServices.framework */ = {isa = PBXFileReference; lastKnownFileType = wrapper.framework; name = MobileCoreServices.framework; path = System/Library/Frameworks/MobileCoreServices.framework; sourceTree = SDKROOT; };
		7CFBA282117C8CC2001128B5 /* libz.1.2.3.dylib */ = {isa = PBXFileReference; lastKnownFileType = "compiled.mach-o.dylib"; name = libz.1.2.3.dylib; path = usr/lib/libz.1.2.3.dylib; sourceTree = SDKROOT; };
		7CFBA2B1117C8D42001128B5 /* UIKit.framework */ = {isa = PBXFileReference; lastKnownFileType = wrapper.framework; name = UIKit.framework; path = System/Library/Frameworks/UIKit.framework; sourceTree = SDKROOT; };
		7CFBA2D1117C8E6C001128B5 /* JSON.h */ = {isa = PBXFileReference; fileEncoding = 4; lastKnownFileType = sourcecode.c.h; path = JSON.h; sourceTree = "<group>"; };
		7CFBA2D2117C8E6C001128B5 /* NSObject+SBJSON.h */ = {isa = PBXFileReference; fileEncoding = 4; lastKnownFileType = sourcecode.c.h; path = "NSObject+SBJSON.h"; sourceTree = "<group>"; };
		7CFBA2D3117C8E6C001128B5 /* NSObject+SBJSON.m */ = {isa = PBXFileReference; fileEncoding = 4; lastKnownFileType = sourcecode.c.objc; path = "NSObject+SBJSON.m"; sourceTree = "<group>"; };
		7CFBA2D4117C8E6C001128B5 /* NSString+SBJSON.h */ = {isa = PBXFileReference; fileEncoding = 4; lastKnownFileType = sourcecode.c.h; path = "NSString+SBJSON.h"; sourceTree = "<group>"; };
		7CFBA2D5117C8E6C001128B5 /* NSString+SBJSON.m */ = {isa = PBXFileReference; fileEncoding = 4; lastKnownFileType = sourcecode.c.objc; path = "NSString+SBJSON.m"; sourceTree = "<group>"; };
		7CFBA2D6117C8E6C001128B5 /* SBJSON.h */ = {isa = PBXFileReference; fileEncoding = 4; lastKnownFileType = sourcecode.c.h; path = SBJSON.h; sourceTree = "<group>"; };
		7CFBA2D7117C8E6C001128B5 /* SBJSON.m */ = {isa = PBXFileReference; fileEncoding = 4; lastKnownFileType = sourcecode.c.objc; path = SBJSON.m; sourceTree = "<group>"; };
		7CFBA2D8117C8E6C001128B5 /* SBJsonBase.h */ = {isa = PBXFileReference; fileEncoding = 4; lastKnownFileType = sourcecode.c.h; path = SBJsonBase.h; sourceTree = "<group>"; };
		7CFBA2D9117C8E6C001128B5 /* SBJsonBase.m */ = {isa = PBXFileReference; fileEncoding = 4; lastKnownFileType = sourcecode.c.objc; path = SBJsonBase.m; sourceTree = "<group>"; };
		7CFBA2DA117C8E6C001128B5 /* SBJsonParser.h */ = {isa = PBXFileReference; fileEncoding = 4; lastKnownFileType = sourcecode.c.h; path = SBJsonParser.h; sourceTree = "<group>"; };
		7CFBA2DB117C8E6C001128B5 /* SBJsonParser.m */ = {isa = PBXFileReference; fileEncoding = 4; lastKnownFileType = sourcecode.c.objc; path = SBJsonParser.m; sourceTree = "<group>"; };
		7CFBA2DC117C8E6C001128B5 /* SBJsonWriter.h */ = {isa = PBXFileReference; fileEncoding = 4; lastKnownFileType = sourcecode.c.h; path = SBJsonWriter.h; sourceTree = "<group>"; };
		7CFBA2DD117C8E6C001128B5 /* SBJsonWriter.m */ = {isa = PBXFileReference; fileEncoding = 4; lastKnownFileType = sourcecode.c.objc; path = SBJsonWriter.m; sourceTree = "<group>"; };
		7CFBA2F7117C8FA4001128B5 /* TouchCustoms.xcodeproj */ = {isa = PBXFileReference; lastKnownFileType = "wrapper.pb-project"; name = TouchCustoms.xcodeproj; path = TouchCustoms/TouchCustoms.xcodeproj; sourceTree = "<group>"; };
		7CFBA345117C922B001128B5 /* NetworkErrors.h */ = {isa = PBXFileReference; fileEncoding = 4; lastKnownFileType = sourcecode.c.h; path = NetworkErrors.h; sourceTree = "<group>"; };
		7CFBA370117C94A2001128B5 /* CoreLocation.framework */ = {isa = PBXFileReference; lastKnownFileType = wrapper.framework; name = CoreLocation.framework; path = System/Library/Frameworks/CoreLocation.framework; sourceTree = SDKROOT; };
		7CFBA376117C94DC001128B5 /* MapKit.framework */ = {isa = PBXFileReference; lastKnownFileType = wrapper.framework; name = MapKit.framework; path = System/Library/Frameworks/MapKit.framework; sourceTree = SDKROOT; };
		7CFBA8BB117DF1A1001128B5 /* Cluster.h */ = {isa = PBXFileReference; fileEncoding = 4; lastKnownFileType = sourcecode.c.h; path = Cluster.h; sourceTree = "<group>"; };
		7CFBA8BC117DF1A1001128B5 /* Cluster.m */ = {isa = PBXFileReference; fileEncoding = 4; lastKnownFileType = sourcecode.c.objc; path = Cluster.m; sourceTree = "<group>"; };
		AA747D9E0F9514B9006C5449 /* MaptimizeKit_Prefix.pch */ = {isa = PBXFileReference; fileEncoding = 4; lastKnownFileType = sourcecode.c.h; path = MaptimizeKit_Prefix.pch; sourceTree = SOURCE_ROOT; };
		AACBBE490F95108600F1A2B1 /* Foundation.framework */ = {isa = PBXFileReference; lastKnownFileType = wrapper.framework; name = Foundation.framework; path = System/Library/Frameworks/Foundation.framework; sourceTree = SDKROOT; };
		D2AAC07E0554694100DB518D /* libMaptimizeKit.a */ = {isa = PBXFileReference; explicitFileType = archive.ar; includeInIndex = 0; path = libMaptimizeKit.a; sourceTree = BUILT_PRODUCTS_DIR; };
/* End PBXFileReference section */

/* Begin PBXFrameworksBuildPhase section */
		D2AAC07C0554694100DB518D /* Frameworks */ = {
			isa = PBXFrameworksBuildPhase;
			buildActionMask = 2147483647;
			files = (
				AACBBE4A0F95108600F1A2B1 /* Foundation.framework in Frameworks */,
				7CFBA27D117C8C8D001128B5 /* CFNetwork.framework in Frameworks */,
				7CFBA27F117C8C9C001128B5 /* SystemConfiguration.framework in Frameworks */,
				7CFBA281117C8CAA001128B5 /* MobileCoreServices.framework in Frameworks */,
				7CFBA283117C8CC2001128B5 /* libz.1.2.3.dylib in Frameworks */,
				7CFBA2B2117C8D42001128B5 /* UIKit.framework in Frameworks */,
				7CFBA371117C94A2001128B5 /* CoreLocation.framework in Frameworks */,
				7CFBA377117C94DC001128B5 /* MapKit.framework in Frameworks */,
			);
			runOnlyForDeploymentPostprocessing = 0;
		};
/* End PBXFrameworksBuildPhase section */

/* Begin PBXGroup section */
		034768DFFF38A50411DB9C8B /* Products */ = {
			isa = PBXGroup;
			children = (
				D2AAC07E0554694100DB518D /* libMaptimizeKit.a */,
			);
			name = Products;
			sourceTree = "<group>";
		};
		0867D691FE84028FC02AAC07 /* MaptimizeKit */ = {
			isa = PBXGroup;
			children = (
				08FB77AEFE84172EC02AAC07 /* Classes */,
				32C88DFF0371C24200C91783 /* Other Sources */,
				0867D69AFE84028FC02AAC07 /* Frameworks */,
				034768DFFF38A50411DB9C8B /* Products */,
			);
			name = MaptimizeKit;
			sourceTree = "<group>";
		};
		0867D69AFE84028FC02AAC07 /* Frameworks */ = {
			isa = PBXGroup;
			children = (
				7CFBA2F7117C8FA4001128B5 /* TouchCustoms.xcodeproj */,
				7CFBA2B1117C8D42001128B5 /* UIKit.framework */,
				7CFBA370117C94A2001128B5 /* CoreLocation.framework */,
				7CFBA376117C94DC001128B5 /* MapKit.framework */,
				7CFBA27C117C8C8D001128B5 /* CFNetwork.framework */,
				7CFBA27E117C8C9C001128B5 /* SystemConfiguration.framework */,
				7CFBA280117C8CAA001128B5 /* MobileCoreServices.framework */,
				7CFBA282117C8CC2001128B5 /* libz.1.2.3.dylib */,
				AACBBE490F95108600F1A2B1 /* Foundation.framework */,
			);
			name = Frameworks;
			sourceTree = "<group>";
		};
		08FB77AEFE84172EC02AAC07 /* Classes */ = {
			isa = PBXGroup;
			children = (
				7CFBA2D0117C8E56001128B5 /* JSON */,
				7CFBA205117C88D6001128B5 /* ASIHTTPRequest */,
				7C43818A11818B47000A4FC4 /* MaptimizeRequest.h */,
				7C43818B11818B47000A4FC4 /* MaptimizeRequest.m */,
				7CFBA1AD117C8452001128B5 /* MaptimizeService.h */,
				7CFBA1AE117C8452001128B5 /* MaptimizeService.m */,
				7CFBA345117C922B001128B5 /* NetworkErrors.h */,
				7C4380891180BA0F000A4FC4 /* Placemark.h */,
				7C43808A1180BA0F000A4FC4 /* Placemark.m */,
				7CFBA8BB117DF1A1001128B5 /* Cluster.h */,
				7CFBA8BC117DF1A1001128B5 /* Cluster.m */,
				7C4380711180B7C2000A4FC4 /* Marker.h */,
				7C4380721180B7C2000A4FC4 /* Marker.m */,
				7C437A6D117F04CA000A4FC4 /* MercatorProjection.h */,
				7C437A6E117F04CA000A4FC4 /* MercatorProjection.m */,
				7C437C81117F5C10000A4FC4 /* ClusterView.h */,
				7C437C82117F5C10000A4FC4 /* ClusterView.m */,
				7C437D831180417E000A4FC4 /* TileService.h */,
				7C437D841180417E000A4FC4 /* TileService.m */,
				7C437E0611805D79000A4FC4 /* TileCache.h */,
				7C437E0711805D79000A4FC4 /* TileCache.m */,
				7C437E0C11805F13000A4FC4 /* Tile.h */,
				7C437E0D11805F13000A4FC4 /* Tile.m */,
				7C437FD21180A3A7000A4FC4 /* MaptimizeController.h */,
				7C437FD31180A3A7000A4FC4 /* MaptimizeController.m */,
				7C43818E11818BF1000A4FC4 /* Bounds.h */,
				7C43818F11818BF1000A4FC4 /* Bounds.m */,
			);
			path = Classes;
			sourceTree = "<group>";
		};
		32C88DFF0371C24200C91783 /* Other Sources */ = {
			isa = PBXGroup;
			children = (
				AA747D9E0F9514B9006C5449 /* MaptimizeKit_Prefix.pch */,
			);
			name = "Other Sources";
			sourceTree = "<group>";
		};
		7CFBA205117C88D6001128B5 /* ASIHTTPRequest */ = {
			isa = PBXGroup;
			children = (
				7CFBA227117C8C00001128B5 /* Reachability.h */,
				7CFBA228117C8C00001128B5 /* Reachability.m */,
				7CFBA223117C8B80001128B5 /* ASIAuthenticationDialog.h */,
				7CFBA224117C8B80001128B5 /* ASIAuthenticationDialog.m */,
				7CFBA21F117C8B55001128B5 /* ASIFormDataRequest.h */,
				7CFBA220117C8B55001128B5 /* ASIFormDataRequest.m */,
				7CFBA217117C8B45001128B5 /* ASINetworkQueue.h */,
				7CFBA218117C8B45001128B5 /* ASINetworkQueue.m */,
				7CFBA219117C8B45001128B5 /* ASINSStringAdditions.h */,
				7CFBA21A117C8B45001128B5 /* ASINSStringAdditions.m */,
				7CFBA213117C8B2F001128B5 /* ASIHTTPRequest.h */,
				7CFBA214117C8B2F001128B5 /* ASIHTTPRequest.m */,
				7CFBA20F117C8B17001128B5 /* ASIInputStream.h */,
				7CFBA210117C8B17001128B5 /* ASIInputStream.m */,
				7CFBA20D117C8B09001128B5 /* ASIProgressDelegate.h */,
				7CFBA209117C8AE0001128B5 /* ASIHTTPRequestConfig.h */,
				7CFBA20A117C8AE0001128B5 /* ASIHTTPRequestDelegate.h */,
			);
			name = ASIHTTPRequest;
			sourceTree = "<group>";
		};
		7CFBA2D0117C8E56001128B5 /* JSON */ = {
			isa = PBXGroup;
			children = (
				7CFBA2D1117C8E6C001128B5 /* JSON.h */,
				7CFBA2D2117C8E6C001128B5 /* NSObject+SBJSON.h */,
				7CFBA2D3117C8E6C001128B5 /* NSObject+SBJSON.m */,
				7CFBA2D4117C8E6C001128B5 /* NSString+SBJSON.h */,
				7CFBA2D5117C8E6C001128B5 /* NSString+SBJSON.m */,
				7CFBA2D6117C8E6C001128B5 /* SBJSON.h */,
				7CFBA2D7117C8E6C001128B5 /* SBJSON.m */,
				7CFBA2D8117C8E6C001128B5 /* SBJsonBase.h */,
				7CFBA2D9117C8E6C001128B5 /* SBJsonBase.m */,
				7CFBA2DA117C8E6C001128B5 /* SBJsonParser.h */,
				7CFBA2DB117C8E6C001128B5 /* SBJsonParser.m */,
				7CFBA2DC117C8E6C001128B5 /* SBJsonWriter.h */,
				7CFBA2DD117C8E6C001128B5 /* SBJsonWriter.m */,
			);
			name = JSON;
			sourceTree = "<group>";
		};
		7CFBA2F8117C8FA4001128B5 /* Products */ = {
			isa = PBXGroup;
			children = (
				7CFBA2FF117C8FA4001128B5 /* libTouchCustoms.a */,
			);
			name = Products;
			sourceTree = "<group>";
		};
/* End PBXGroup section */

/* Begin PBXHeadersBuildPhase section */
		D2AAC07A0554694100DB518D /* Headers */ = {
			isa = PBXHeadersBuildPhase;
			buildActionMask = 2147483647;
			files = (
				AA747D9F0F9514B9006C5449 /* MaptimizeKit_Prefix.pch in Headers */,
				7CFBA1AF117C8452001128B5 /* MaptimizeService.h in Headers */,
				7CFBA20B117C8AE0001128B5 /* ASIHTTPRequestConfig.h in Headers */,
				7CFBA20C117C8AE0001128B5 /* ASIHTTPRequestDelegate.h in Headers */,
				7CFBA20E117C8B09001128B5 /* ASIProgressDelegate.h in Headers */,
				7CFBA211117C8B17001128B5 /* ASIInputStream.h in Headers */,
				7CFBA215117C8B2F001128B5 /* ASIHTTPRequest.h in Headers */,
				7CFBA21B117C8B45001128B5 /* ASINetworkQueue.h in Headers */,
				7CFBA21D117C8B45001128B5 /* ASINSStringAdditions.h in Headers */,
				7CFBA221117C8B55001128B5 /* ASIFormDataRequest.h in Headers */,
				7CFBA225117C8B80001128B5 /* ASIAuthenticationDialog.h in Headers */,
				7CFBA229117C8C00001128B5 /* Reachability.h in Headers */,
				7CFBA2DE117C8E6C001128B5 /* JSON.h in Headers */,
				7CFBA2DF117C8E6C001128B5 /* NSObject+SBJSON.h in Headers */,
				7CFBA2E1117C8E6C001128B5 /* NSString+SBJSON.h in Headers */,
				7CFBA2E3117C8E6C001128B5 /* SBJSON.h in Headers */,
				7CFBA2E5117C8E6C001128B5 /* SBJsonBase.h in Headers */,
				7CFBA2E7117C8E6C001128B5 /* SBJsonParser.h in Headers */,
				7CFBA2E9117C8E6C001128B5 /* SBJsonWriter.h in Headers */,
				7CFBA346117C922B001128B5 /* NetworkErrors.h in Headers */,
				7CFBA8BD117DF1A1001128B5 /* Cluster.h in Headers */,
				7C437A6F117F04CA000A4FC4 /* MercatorProjection.h in Headers */,
				7C437C83117F5C10000A4FC4 /* ClusterView.h in Headers */,
				7C437D851180417E000A4FC4 /* TileService.h in Headers */,
				7C437E0811805D79000A4FC4 /* TileCache.h in Headers */,
				7C437E0E11805F13000A4FC4 /* Tile.h in Headers */,
				7C437FD41180A3A7000A4FC4 /* MaptimizeController.h in Headers */,
				7C4380731180B7C2000A4FC4 /* Marker.h in Headers */,
				7C43808B1180BA0F000A4FC4 /* Placemark.h in Headers */,
				7C43818C11818B47000A4FC4 /* MaptimizeRequest.h in Headers */,
				7C43819011818BF1000A4FC4 /* Bounds.h in Headers */,
			);
			runOnlyForDeploymentPostprocessing = 0;
		};
/* End PBXHeadersBuildPhase section */

/* Begin PBXNativeTarget section */
		D2AAC07D0554694100DB518D /* MaptimizeKit */ = {
			isa = PBXNativeTarget;
			buildConfigurationList = 1DEB921E08733DC00010E9CD /* Build configuration list for PBXNativeTarget "MaptimizeKit" */;
			buildPhases = (
				D2AAC07A0554694100DB518D /* Headers */,
				D2AAC07B0554694100DB518D /* Sources */,
				D2AAC07C0554694100DB518D /* Frameworks */,
			);
			buildRules = (
			);
			dependencies = (
				7CFBA39F117C96A0001128B5 /* PBXTargetDependency */,
			);
			name = MaptimizeKit;
			productName = MaptimizeKit;
			productReference = D2AAC07E0554694100DB518D /* libMaptimizeKit.a */;
			productType = "com.apple.product-type.library.static";
		};
/* End PBXNativeTarget section */

/* Begin PBXProject section */
		0867D690FE84028FC02AAC07 /* Project object */ = {
			isa = PBXProject;
			buildConfigurationList = 1DEB922208733DC00010E9CD /* Build configuration list for PBXProject "MaptimizeKit" */;
			compatibilityVersion = "Xcode 3.1";
			hasScannedForEncodings = 1;
			mainGroup = 0867D691FE84028FC02AAC07 /* MaptimizeKit */;
			productRefGroup = 034768DFFF38A50411DB9C8B /* Products */;
			projectDirPath = "";
			projectReferences = (
				{
					ProductGroup = 7CFBA2F8117C8FA4001128B5 /* Products */;
					ProjectRef = 7CFBA2F7117C8FA4001128B5 /* TouchCustoms.xcodeproj */;
				},
			);
			projectRoot = "";
			targets = (
				D2AAC07D0554694100DB518D /* MaptimizeKit */,
			);
		};
/* End PBXProject section */

/* Begin PBXReferenceProxy section */
		7CFBA2FF117C8FA4001128B5 /* libTouchCustoms.a */ = {
			isa = PBXReferenceProxy;
			fileType = archive.ar;
			path = libTouchCustoms.a;
			remoteRef = 7CFBA2FE117C8FA4001128B5 /* PBXContainerItemProxy */;
			sourceTree = BUILT_PRODUCTS_DIR;
		};
/* End PBXReferenceProxy section */

/* Begin PBXSourcesBuildPhase section */
		D2AAC07B0554694100DB518D /* Sources */ = {
			isa = PBXSourcesBuildPhase;
			buildActionMask = 2147483647;
			files = (
				7CFBA1B0117C8452001128B5 /* MaptimizeService.m in Sources */,
				7CFBA212117C8B17001128B5 /* ASIInputStream.m in Sources */,
				7CFBA216117C8B2F001128B5 /* ASIHTTPRequest.m in Sources */,
				7CFBA21C117C8B45001128B5 /* ASINetworkQueue.m in Sources */,
				7CFBA21E117C8B45001128B5 /* ASINSStringAdditions.m in Sources */,
				7CFBA222117C8B55001128B5 /* ASIFormDataRequest.m in Sources */,
				7CFBA226117C8B80001128B5 /* ASIAuthenticationDialog.m in Sources */,
				7CFBA22A117C8C00001128B5 /* Reachability.m in Sources */,
				7CFBA2E0117C8E6C001128B5 /* NSObject+SBJSON.m in Sources */,
				7CFBA2E2117C8E6C001128B5 /* NSString+SBJSON.m in Sources */,
				7CFBA2E4117C8E6C001128B5 /* SBJSON.m in Sources */,
				7CFBA2E6117C8E6C001128B5 /* SBJsonBase.m in Sources */,
				7CFBA2E8117C8E6C001128B5 /* SBJsonParser.m in Sources */,
				7CFBA2EA117C8E6C001128B5 /* SBJsonWriter.m in Sources */,
				7CFBA8BE117DF1A1001128B5 /* Cluster.m in Sources */,
				7C437A70117F04CA000A4FC4 /* MercatorProjection.m in Sources */,
				7C437C84117F5C10000A4FC4 /* ClusterView.m in Sources */,
				7C437D861180417E000A4FC4 /* TileService.m in Sources */,
				7C437E0911805D79000A4FC4 /* TileCache.m in Sources */,
				7C437E0F11805F13000A4FC4 /* Tile.m in Sources */,
				7C437FD51180A3A7000A4FC4 /* MaptimizeController.m in Sources */,
				7C4380741180B7C2000A4FC4 /* Marker.m in Sources */,
				7C43808C1180BA0F000A4FC4 /* Placemark.m in Sources */,
				7C43818D11818B47000A4FC4 /* MaptimizeRequest.m in Sources */,
				7C43819111818BF1000A4FC4 /* Bounds.m in Sources */,
			);
			runOnlyForDeploymentPostprocessing = 0;
		};
/* End PBXSourcesBuildPhase section */

/* Begin PBXTargetDependency section */
		7CFBA39F117C96A0001128B5 /* PBXTargetDependency */ = {
			isa = PBXTargetDependency;
			name = TouchCustoms;
			targetProxy = 7CFBA39E117C96A0001128B5 /* PBXContainerItemProxy */;
		};
/* End PBXTargetDependency section */

/* Begin XCBuildConfiguration section */
		1DEB921F08733DC00010E9CD /* Debug */ = {
			isa = XCBuildConfiguration;
			buildSettings = {
				ALWAYS_SEARCH_USER_PATHS = NO;
				ARCHS = "$(ARCHS_STANDARD_32_BIT)";
				COPY_PHASE_STRIP = NO;
				DSTROOT = /tmp/MaptimizeKit.dst;
				GCC_DYNAMIC_NO_PIC = NO;
				GCC_ENABLE_FIX_AND_CONTINUE = YES;
				GCC_MODEL_TUNING = G5;
				GCC_OPTIMIZATION_LEVEL = 0;
				GCC_PRECOMPILE_PREFIX_HEADER = YES;
				GCC_PREFIX_HEADER = MaptimizeKit_Prefix.pch;
				INSTALL_PATH = /usr/local/lib;
				OTHER_LDFLAGS = (
					"-all_load",
					"-ObjC",
				);
				PRODUCT_NAME = MaptimizeKit;
			};
			name = Debug;
		};
		1DEB922008733DC00010E9CD /* Release */ = {
			isa = XCBuildConfiguration;
			buildSettings = {
				ALWAYS_SEARCH_USER_PATHS = NO;
				ARCHS = "$(ARCHS_STANDARD_32_BIT)";
				DSTROOT = /tmp/MaptimizeKit.dst;
				GCC_MODEL_TUNING = G5;
				GCC_PRECOMPILE_PREFIX_HEADER = YES;
				GCC_PREFIX_HEADER = MaptimizeKit_Prefix.pch;
				INSTALL_PATH = /usr/local/lib;
				OTHER_LDFLAGS = (
					"-all_load",
					"-ObjC",
				);
				PRODUCT_NAME = MaptimizeKit;
			};
			name = Release;
		};
		1DEB922308733DC00010E9CD /* Debug */ = {
			isa = XCBuildConfiguration;
			buildSettings = {
				ARCHS = "$(ARCHS_STANDARD_32_BIT)";
				GCC_C_LANGUAGE_STANDARD = c99;
				GCC_OPTIMIZATION_LEVEL = 0;
				GCC_WARN_ABOUT_RETURN_TYPE = YES;
				GCC_WARN_UNUSED_VARIABLE = YES;
				HEADER_SEARCH_PATHS = "./TouchCustoms/Classes/**";
				OTHER_LDFLAGS = "-ObjC";
				PREBINDING = NO;
				SDKROOT = iphoneos3.1.2;
			};
			name = Debug;
		};
		1DEB922408733DC00010E9CD /* Release */ = {
			isa = XCBuildConfiguration;
			buildSettings = {
				ARCHS = "$(ARCHS_STANDARD_32_BIT)";
				GCC_C_LANGUAGE_STANDARD = c99;
				GCC_WARN_ABOUT_RETURN_TYPE = YES;
				GCC_WARN_UNUSED_VARIABLE = YES;
				OTHER_LDFLAGS = "-ObjC";
				PREBINDING = NO;
				SDKROOT = iphoneos3.1.2;
			};
			name = Release;
		};
/* End XCBuildConfiguration section */

/* Begin XCConfigurationList section */
		1DEB921E08733DC00010E9CD /* Build configuration list for PBXNativeTarget "MaptimizeKit" */ = {
			isa = XCConfigurationList;
			buildConfigurations = (
				1DEB921F08733DC00010E9CD /* Debug */,
				1DEB922008733DC00010E9CD /* Release */,
			);
			defaultConfigurationIsVisible = 0;
			defaultConfigurationName = Release;
		};
		1DEB922208733DC00010E9CD /* Build configuration list for PBXProject "MaptimizeKit" */ = {
			isa = XCConfigurationList;
			buildConfigurations = (
				1DEB922308733DC00010E9CD /* Debug */,
				1DEB922408733DC00010E9CD /* Release */,
			);
			defaultConfigurationIsVisible = 0;
			defaultConfigurationName = Release;
		};
/* End XCConfigurationList section */
	};
	rootObject = 0867D690FE84028FC02AAC07 /* Project object */;
}
