// !$*UTF8*$!
{
	archiveVersion = 1;
	classes = {
	};
	objectVersion = 45;
	objects = {

/* Begin PBXBuildFile section */
		7C437A6F117F04CA000A4FC4 /* XMMercatorProjection.h in Headers */ = {isa = PBXBuildFile; fileRef = 7C437A6D117F04CA000A4FC4 /* XMMercatorProjection.h */; };
		7C437A70117F04CA000A4FC4 /* XMMercatorProjection.m in Sources */ = {isa = PBXBuildFile; fileRef = 7C437A6E117F04CA000A4FC4 /* XMMercatorProjection.m */; };
		7C437C83117F5C10000A4FC4 /* XMClusterView.h in Headers */ = {isa = PBXBuildFile; fileRef = 7C437C81117F5C10000A4FC4 /* XMClusterView.h */; };
		7C437C84117F5C10000A4FC4 /* XMClusterView.m in Sources */ = {isa = PBXBuildFile; fileRef = 7C437C82117F5C10000A4FC4 /* XMClusterView.m */; };
		7C437D851180417E000A4FC4 /* XMTileService.h in Headers */ = {isa = PBXBuildFile; fileRef = 7C437D831180417E000A4FC4 /* XMTileService.h */; };
		7C437D861180417E000A4FC4 /* XMTileService.m in Sources */ = {isa = PBXBuildFile; fileRef = 7C437D841180417E000A4FC4 /* XMTileService.m */; };
		7C437E0811805D79000A4FC4 /* XMTileCache.h in Headers */ = {isa = PBXBuildFile; fileRef = 7C437E0611805D79000A4FC4 /* XMTileCache.h */; };
		7C437E0911805D79000A4FC4 /* XMTileCache.m in Sources */ = {isa = PBXBuildFile; fileRef = 7C437E0711805D79000A4FC4 /* XMTileCache.m */; };
		7C437E0E11805F13000A4FC4 /* XMTile.h in Headers */ = {isa = PBXBuildFile; fileRef = 7C437E0C11805F13000A4FC4 /* XMTile.h */; };
		7C437E0F11805F13000A4FC4 /* XMTile.m in Sources */ = {isa = PBXBuildFile; fileRef = 7C437E0D11805F13000A4FC4 /* XMTile.m */; };
		7C437FD41180A3A7000A4FC4 /* XMMapController.h in Headers */ = {isa = PBXBuildFile; fileRef = 7C437FD21180A3A7000A4FC4 /* XMMapController.h */; };
		7C437FD51180A3A7000A4FC4 /* XMMapController.m in Sources */ = {isa = PBXBuildFile; fileRef = 7C437FD31180A3A7000A4FC4 /* XMMapController.m */; };
		7C4380731180B7C2000A4FC4 /* XMMarker.h in Headers */ = {isa = PBXBuildFile; fileRef = 7C4380711180B7C2000A4FC4 /* XMMarker.h */; };
		7C4380741180B7C2000A4FC4 /* XMMarker.m in Sources */ = {isa = PBXBuildFile; fileRef = 7C4380721180B7C2000A4FC4 /* XMMarker.m */; };
		7C43808B1180BA0F000A4FC4 /* XMPlacemark.h in Headers */ = {isa = PBXBuildFile; fileRef = 7C4380891180BA0F000A4FC4 /* XMPlacemark.h */; };
		7C43808C1180BA0F000A4FC4 /* XMPlacemark.m in Sources */ = {isa = PBXBuildFile; fileRef = 7C43808A1180BA0F000A4FC4 /* XMPlacemark.m */; };
		7C43818C11818B47000A4FC4 /* XMRequest.h in Headers */ = {isa = PBXBuildFile; fileRef = 7C43818A11818B47000A4FC4 /* XMRequest.h */; };
		7C43818D11818B47000A4FC4 /* XMRequest.m in Sources */ = {isa = PBXBuildFile; fileRef = 7C43818B11818B47000A4FC4 /* XMRequest.m */; };
		7C43819011818BF1000A4FC4 /* XMBounds.h in Headers */ = {isa = PBXBuildFile; fileRef = 7C43818E11818BF1000A4FC4 /* XMBounds.h */; };
		7C43819111818BF1000A4FC4 /* XMBounds.m in Sources */ = {isa = PBXBuildFile; fileRef = 7C43818F11818BF1000A4FC4 /* XMBounds.m */; };
		7C4381FB1181A593000A4FC4 /* XMClusterizeRequest.h in Headers */ = {isa = PBXBuildFile; fileRef = 7C4381F91181A593000A4FC4 /* XMClusterizeRequest.h */; };
		7C4381FC1181A593000A4FC4 /* XMClusterizeRequest.m in Sources */ = {isa = PBXBuildFile; fileRef = 7C4381FA1181A593000A4FC4 /* XMClusterizeRequest.m */; };
		7C4382171181A8A0000A4FC4 /* XMSelectRequest.h in Headers */ = {isa = PBXBuildFile; fileRef = 7C4382151181A8A0000A4FC4 /* XMSelectRequest.h */; };
		7C4382181181A8A0000A4FC4 /* XMSelectRequest.m in Sources */ = {isa = PBXBuildFile; fileRef = 7C4382161181A8A0000A4FC4 /* XMSelectRequest.m */; };
		7C4383C51181BBDB000A4FC4 /* XMGraph.h in Headers */ = {isa = PBXBuildFile; fileRef = 7C4383C31181BBDB000A4FC4 /* XMGraph.h */; };
		7C4383C61181BBDB000A4FC4 /* XMGraph.m in Sources */ = {isa = PBXBuildFile; fileRef = 7C4383C41181BBDB000A4FC4 /* XMGraph.m */; };
		7C4384BE1181E159000A4FC4 /* XMCondition.h in Headers */ = {isa = PBXBuildFile; fileRef = 7C4384BC1181E159000A4FC4 /* XMCondition.h */; };
		7C4384BF1181E159000A4FC4 /* XMCondition.m in Sources */ = {isa = PBXBuildFile; fileRef = 7C4384BD1181E159000A4FC4 /* XMCondition.m */; };
		7C6226B711A53E5C0042495A /* MaptimizeKit.h in Headers */ = {isa = PBXBuildFile; fileRef = 7C6226B611A53E5C0042495A /* MaptimizeKit.h */; };
		7C6226EC11A5413E0042495A /* XMMapControllerDelegate.h in Headers */ = {isa = PBXBuildFile; fileRef = 7C6226EB11A5413E0042495A /* XMMapControllerDelegate.h */; };
		7C6226F911A546490042495A /* XMOptimizeServiceDelegate.h in Headers */ = {isa = PBXBuildFile; fileRef = 7C6226F811A546490042495A /* XMOptimizeServiceDelegate.h */; };
		7C62271111A547760042495A /* XMOptimizeServiceParser.h in Headers */ = {isa = PBXBuildFile; fileRef = 7C62271011A547760042495A /* XMOptimizeServiceParser.h */; };
		7C62271A11A54A130042495A /* XMTileServiceDelegate.h in Headers */ = {isa = PBXBuildFile; fileRef = 7C62271911A54A130042495A /* XMTileServiceDelegate.h */; };
		7C62274A11A54C570042495A /* XMClusterizeInfo.h in Headers */ = {isa = PBXBuildFile; fileRef = 7C62274811A54C570042495A /* XMClusterizeInfo.h */; };
		7C62274B11A54C570042495A /* XMClusterizeInfo.m in Sources */ = {isa = PBXBuildFile; fileRef = 7C62274911A54C570042495A /* XMClusterizeInfo.m */; };
		7C62276211A54E0C0042495A /* XMTileInfo.h in Headers */ = {isa = PBXBuildFile; fileRef = 7C62276011A54E0C0042495A /* XMTileInfo.h */; };
		7C62276311A54E0C0042495A /* XMTileInfo.m in Sources */ = {isa = PBXBuildFile; fileRef = 7C62276111A54E0C0042495A /* XMTileInfo.m */; };
		7C62277F11A555080042495A /* XMTileCacheDelegate.h in Headers */ = {isa = PBXBuildFile; fileRef = 7C62277E11A555080042495A /* XMTileCacheDelegate.h */; };
		7C6227CE11A559DC0042495A /* XMBase.h in Headers */ = {isa = PBXBuildFile; fileRef = 7C6227CD11A559DC0042495A /* XMBase.h */; };
		7C62282E11A5613A0042495A /* XMNetworkUtils.h in Headers */ = {isa = PBXBuildFile; fileRef = 7C62282C11A5613A0042495A /* XMNetworkUtils.h */; };
		7C62282F11A5613A0042495A /* XMNetworkUtils.m in Sources */ = {isa = PBXBuildFile; fileRef = 7C62282D11A5613A0042495A /* XMNetworkUtils.m */; };
		7C62294F11A58F7D0042495A /* SCMemoryManagement.h in Headers */ = {isa = PBXBuildFile; fileRef = 7C62294D11A58F7D0042495A /* SCMemoryManagement.h */; };
		7C62295011A58F7D0042495A /* SCLog.h in Headers */ = {isa = PBXBuildFile; fileRef = 7C62294E11A58F7D0042495A /* SCLog.h */; };
		7C6229A011A593270042495A /* XMConfig.h in Headers */ = {isa = PBXBuildFile; fileRef = 7C62299F11A593270042495A /* XMConfig.h */; };
		7CFBA1AF117C8452001128B5 /* XMOptimizeService.h in Headers */ = {isa = PBXBuildFile; fileRef = 7CFBA1AD117C8452001128B5 /* XMOptimizeService.h */; };
		7CFBA1B0117C8452001128B5 /* XMOptimizeService.m in Sources */ = {isa = PBXBuildFile; fileRef = 7CFBA1AE117C8452001128B5 /* XMOptimizeService.m */; };
		7CFBA20B117C8AE0001128B5 /* ASIHTTPRequestConfig.h in Headers */ = {isa = PBXBuildFile; fileRef = 7CFBA209117C8AE0001128B5 /* ASIHTTPRequestConfig.h */; };
		7CFBA20C117C8AE0001128B5 /* ASIHTTPRequestDelegate.h in Headers */ = {isa = PBXBuildFile; fileRef = 7CFBA20A117C8AE0001128B5 /* ASIHTTPRequestDelegate.h */; };
		7CFBA20E117C8B09001128B5 /* ASIProgressDelegate.h in Headers */ = {isa = PBXBuildFile; fileRef = 7CFBA20D117C8B09001128B5 /* ASIProgressDelegate.h */; };
		7CFBA211117C8B17001128B5 /* ASIInputStream.h in Headers */ = {isa = PBXBuildFile; fileRef = 7CFBA20F117C8B17001128B5 /* ASIInputStream.h */; };
		7CFBA212117C8B17001128B5 /* ASIInputStream.m in Sources */ = {isa = PBXBuildFile; fileRef = 7CFBA210117C8B17001128B5 /* ASIInputStream.m */; };
		7CFBA215117C8B2F001128B5 /* ASIHTTPRequest.h in Headers */ = {isa = PBXBuildFile; fileRef = 7CFBA213117C8B2F001128B5 /* ASIHTTPRequest.h */; };
		7CFBA216117C8B2F001128B5 /* ASIHTTPRequest.m in Sources */ = {isa = PBXBuildFile; fileRef = 7CFBA214117C8B2F001128B5 /* ASIHTTPRequest.m */; };
		7CFBA21B117C8B45001128B5 /* ASINetworkQueue.h in Headers */ = {isa = PBXBuildFile; fileRef = 7CFBA217117C8B45001128B5 /* ASINetworkQueue.h */; };
		7CFBA21C117C8B45001128B5 /* ASINetworkQueue.m in Sources */ = {isa = PBXBuildFile; fileRef = 7CFBA218117C8B45001128B5 /* ASINetworkQueue.m */; };
		7CFBA21D117C8B45001128B5 /* ASINSStringAdditions.h in Headers */ = {isa = PBXBuildFile; fileRef = 7CFBA219117C8B45001128B5 /* ASINSStringAdditions.h */; };
		7CFBA21E117C8B45001128B5 /* ASINSStringAdditions.m in Sources */ = {isa = PBXBuildFile; fileRef = 7CFBA21A117C8B45001128B5 /* ASINSStringAdditions.m */; };
		7CFBA221117C8B55001128B5 /* ASIFormDataRequest.h in Headers */ = {isa = PBXBuildFile; fileRef = 7CFBA21F117C8B55001128B5 /* ASIFormDataRequest.h */; };
		7CFBA222117C8B55001128B5 /* ASIFormDataRequest.m in Sources */ = {isa = PBXBuildFile; fileRef = 7CFBA220117C8B55001128B5 /* ASIFormDataRequest.m */; };
		7CFBA225117C8B80001128B5 /* ASIAuthenticationDialog.h in Headers */ = {isa = PBXBuildFile; fileRef = 7CFBA223117C8B80001128B5 /* ASIAuthenticationDialog.h */; };
		7CFBA226117C8B80001128B5 /* ASIAuthenticationDialog.m in Sources */ = {isa = PBXBuildFile; fileRef = 7CFBA224117C8B80001128B5 /* ASIAuthenticationDialog.m */; };
		7CFBA229117C8C00001128B5 /* Reachability.h in Headers */ = {isa = PBXBuildFile; fileRef = 7CFBA227117C8C00001128B5 /* Reachability.h */; };
		7CFBA22A117C8C00001128B5 /* Reachability.m in Sources */ = {isa = PBXBuildFile; fileRef = 7CFBA228117C8C00001128B5 /* Reachability.m */; };
		7CFBA27D117C8C8D001128B5 /* CFNetwork.framework in Frameworks */ = {isa = PBXBuildFile; fileRef = 7CFBA27C117C8C8D001128B5 /* CFNetwork.framework */; };
		7CFBA27F117C8C9C001128B5 /* SystemConfiguration.framework in Frameworks */ = {isa = PBXBuildFile; fileRef = 7CFBA27E117C8C9C001128B5 /* SystemConfiguration.framework */; };
		7CFBA281117C8CAA001128B5 /* MobileCoreServices.framework in Frameworks */ = {isa = PBXBuildFile; fileRef = 7CFBA280117C8CAA001128B5 /* MobileCoreServices.framework */; };
		7CFBA283117C8CC2001128B5 /* libz.1.2.3.dylib in Frameworks */ = {isa = PBXBuildFile; fileRef = 7CFBA282117C8CC2001128B5 /* libz.1.2.3.dylib */; };
		7CFBA2B2117C8D42001128B5 /* UIKit.framework in Frameworks */ = {isa = PBXBuildFile; fileRef = 7CFBA2B1117C8D42001128B5 /* UIKit.framework */; };
		7CFBA2DE117C8E6C001128B5 /* JSON.h in Headers */ = {isa = PBXBuildFile; fileRef = 7CFBA2D1117C8E6C001128B5 /* JSON.h */; };
		7CFBA2DF117C8E6C001128B5 /* NSObject+SBJSON.h in Headers */ = {isa = PBXBuildFile; fileRef = 7CFBA2D2117C8E6C001128B5 /* NSObject+SBJSON.h */; };
		7CFBA2E0117C8E6C001128B5 /* NSObject+SBJSON.m in Sources */ = {isa = PBXBuildFile; fileRef = 7CFBA2D3117C8E6C001128B5 /* NSObject+SBJSON.m */; };
		7CFBA2E1117C8E6C001128B5 /* NSString+SBJSON.h in Headers */ = {isa = PBXBuildFile; fileRef = 7CFBA2D4117C8E6C001128B5 /* NSString+SBJSON.h */; };
		7CFBA2E2117C8E6C001128B5 /* NSString+SBJSON.m in Sources */ = {isa = PBXBuildFile; fileRef = 7CFBA2D5117C8E6C001128B5 /* NSString+SBJSON.m */; };
		7CFBA2E3117C8E6C001128B5 /* SBJSON.h in Headers */ = {isa = PBXBuildFile; fileRef = 7CFBA2D6117C8E6C001128B5 /* SBJSON.h */; };
		7CFBA2E4117C8E6C001128B5 /* SBJSON.m in Sources */ = {isa = PBXBuildFile; fileRef = 7CFBA2D7117C8E6C001128B5 /* SBJSON.m */; };
		7CFBA2E5117C8E6C001128B5 /* SBJsonBase.h in Headers */ = {isa = PBXBuildFile; fileRef = 7CFBA2D8117C8E6C001128B5 /* SBJsonBase.h */; };
		7CFBA2E6117C8E6C001128B5 /* SBJsonBase.m in Sources */ = {isa = PBXBuildFile; fileRef = 7CFBA2D9117C8E6C001128B5 /* SBJsonBase.m */; };
		7CFBA2E7117C8E6C001128B5 /* SBJsonParser.h in Headers */ = {isa = PBXBuildFile; fileRef = 7CFBA2DA117C8E6C001128B5 /* SBJsonParser.h */; };
		7CFBA2E8117C8E6C001128B5 /* SBJsonParser.m in Sources */ = {isa = PBXBuildFile; fileRef = 7CFBA2DB117C8E6C001128B5 /* SBJsonParser.m */; };
		7CFBA2E9117C8E6C001128B5 /* SBJsonWriter.h in Headers */ = {isa = PBXBuildFile; fileRef = 7CFBA2DC117C8E6C001128B5 /* SBJsonWriter.h */; };
		7CFBA2EA117C8E6C001128B5 /* SBJsonWriter.m in Sources */ = {isa = PBXBuildFile; fileRef = 7CFBA2DD117C8E6C001128B5 /* SBJsonWriter.m */; };
		7CFBA346117C922B001128B5 /* XMNetworkErrors.h in Headers */ = {isa = PBXBuildFile; fileRef = 7CFBA345117C922B001128B5 /* XMNetworkErrors.h */; };
		7CFBA371117C94A2001128B5 /* CoreLocation.framework in Frameworks */ = {isa = PBXBuildFile; fileRef = 7CFBA370117C94A2001128B5 /* CoreLocation.framework */; };
		7CFBA377117C94DC001128B5 /* MapKit.framework in Frameworks */ = {isa = PBXBuildFile; fileRef = 7CFBA376117C94DC001128B5 /* MapKit.framework */; };
		7CFBA8BD117DF1A1001128B5 /* XMCluster.h in Headers */ = {isa = PBXBuildFile; fileRef = 7CFBA8BB117DF1A1001128B5 /* XMCluster.h */; };
		7CFBA8BE117DF1A1001128B5 /* XMCluster.m in Sources */ = {isa = PBXBuildFile; fileRef = 7CFBA8BC117DF1A1001128B5 /* XMCluster.m */; };
		AA747D9F0F9514B9006C5449 /* MaptimizeKit_Prefix.pch in Headers */ = {isa = PBXBuildFile; fileRef = AA747D9E0F9514B9006C5449 /* MaptimizeKit_Prefix.pch */; };
		AACBBE4A0F95108600F1A2B1 /* Foundation.framework in Frameworks */ = {isa = PBXBuildFile; fileRef = AACBBE490F95108600F1A2B1 /* Foundation.framework */; };
/* End PBXBuildFile section */

/* Begin PBXFileReference section */
		7C437A6D117F04CA000A4FC4 /* XMMercatorProjection.h */ = {isa = PBXFileReference; fileEncoding = 4; lastKnownFileType = sourcecode.c.h; path = XMMercatorProjection.h; sourceTree = "<group>"; };
		7C437A6E117F04CA000A4FC4 /* XMMercatorProjection.m */ = {isa = PBXFileReference; fileEncoding = 4; lastKnownFileType = sourcecode.c.objc; path = XMMercatorProjection.m; sourceTree = "<group>"; };
		7C437C81117F5C10000A4FC4 /* XMClusterView.h */ = {isa = PBXFileReference; fileEncoding = 4; lastKnownFileType = sourcecode.c.h; path = XMClusterView.h; sourceTree = "<group>"; };
		7C437C82117F5C10000A4FC4 /* XMClusterView.m */ = {isa = PBXFileReference; fileEncoding = 4; lastKnownFileType = sourcecode.c.objc; path = XMClusterView.m; sourceTree = "<group>"; };
		7C437D831180417E000A4FC4 /* XMTileService.h */ = {isa = PBXFileReference; fileEncoding = 4; lastKnownFileType = sourcecode.c.h; path = XMTileService.h; sourceTree = "<group>"; };
		7C437D841180417E000A4FC4 /* XMTileService.m */ = {isa = PBXFileReference; fileEncoding = 4; lastKnownFileType = sourcecode.c.objc; path = XMTileService.m; sourceTree = "<group>"; };
		7C437E0611805D79000A4FC4 /* XMTileCache.h */ = {isa = PBXFileReference; fileEncoding = 4; lastKnownFileType = sourcecode.c.h; path = XMTileCache.h; sourceTree = "<group>"; };
		7C437E0711805D79000A4FC4 /* XMTileCache.m */ = {isa = PBXFileReference; fileEncoding = 4; lastKnownFileType = sourcecode.c.objc; path = XMTileCache.m; sourceTree = "<group>"; };
		7C437E0C11805F13000A4FC4 /* XMTile.h */ = {isa = PBXFileReference; fileEncoding = 4; lastKnownFileType = sourcecode.c.h; path = XMTile.h; sourceTree = "<group>"; };
		7C437E0D11805F13000A4FC4 /* XMTile.m */ = {isa = PBXFileReference; fileEncoding = 4; lastKnownFileType = sourcecode.c.objc; path = XMTile.m; sourceTree = "<group>"; };
		7C437FD21180A3A7000A4FC4 /* XMMapController.h */ = {isa = PBXFileReference; fileEncoding = 4; lastKnownFileType = sourcecode.c.h; path = XMMapController.h; sourceTree = "<group>"; };
		7C437FD31180A3A7000A4FC4 /* XMMapController.m */ = {isa = PBXFileReference; fileEncoding = 4; lastKnownFileType = sourcecode.c.objc; path = XMMapController.m; sourceTree = "<group>"; };
		7C4380711180B7C2000A4FC4 /* XMMarker.h */ = {isa = PBXFileReference; fileEncoding = 4; lastKnownFileType = sourcecode.c.h; path = XMMarker.h; sourceTree = "<group>"; };
		7C4380721180B7C2000A4FC4 /* XMMarker.m */ = {isa = PBXFileReference; fileEncoding = 4; lastKnownFileType = sourcecode.c.objc; path = XMMarker.m; sourceTree = "<group>"; };
		7C4380891180BA0F000A4FC4 /* XMPlacemark.h */ = {isa = PBXFileReference; fileEncoding = 4; lastKnownFileType = sourcecode.c.h; path = XMPlacemark.h; sourceTree = "<group>"; };
		7C43808A1180BA0F000A4FC4 /* XMPlacemark.m */ = {isa = PBXFileReference; fileEncoding = 4; lastKnownFileType = sourcecode.c.objc; path = XMPlacemark.m; sourceTree = "<group>"; };
		7C43818A11818B47000A4FC4 /* XMRequest.h */ = {isa = PBXFileReference; fileEncoding = 4; lastKnownFileType = sourcecode.c.h; path = XMRequest.h; sourceTree = "<group>"; };
		7C43818B11818B47000A4FC4 /* XMRequest.m */ = {isa = PBXFileReference; fileEncoding = 4; lastKnownFileType = sourcecode.c.objc; path = XMRequest.m; sourceTree = "<group>"; };
		7C43818E11818BF1000A4FC4 /* XMBounds.h */ = {isa = PBXFileReference; fileEncoding = 4; lastKnownFileType = sourcecode.c.h; path = XMBounds.h; sourceTree = "<group>"; };
		7C43818F11818BF1000A4FC4 /* XMBounds.m */ = {isa = PBXFileReference; fileEncoding = 4; lastKnownFileType = sourcecode.c.objc; path = XMBounds.m; sourceTree = "<group>"; };
		7C4381F91181A593000A4FC4 /* XMClusterizeRequest.h */ = {isa = PBXFileReference; fileEncoding = 4; lastKnownFileType = sourcecode.c.h; path = XMClusterizeRequest.h; sourceTree = "<group>"; };
		7C4381FA1181A593000A4FC4 /* XMClusterizeRequest.m */ = {isa = PBXFileReference; fileEncoding = 4; lastKnownFileType = sourcecode.c.objc; path = XMClusterizeRequest.m; sourceTree = "<group>"; };
		7C4382151181A8A0000A4FC4 /* XMSelectRequest.h */ = {isa = PBXFileReference; fileEncoding = 4; lastKnownFileType = sourcecode.c.h; path = XMSelectRequest.h; sourceTree = "<group>"; };
		7C4382161181A8A0000A4FC4 /* XMSelectRequest.m */ = {isa = PBXFileReference; fileEncoding = 4; lastKnownFileType = sourcecode.c.objc; path = XMSelectRequest.m; sourceTree = "<group>"; };
		7C4383C31181BBDB000A4FC4 /* XMGraph.h */ = {isa = PBXFileReference; fileEncoding = 4; lastKnownFileType = sourcecode.c.h; path = XMGraph.h; sourceTree = "<group>"; };
		7C4383C41181BBDB000A4FC4 /* XMGraph.m */ = {isa = PBXFileReference; fileEncoding = 4; lastKnownFileType = sourcecode.c.objc; path = XMGraph.m; sourceTree = "<group>"; };
		7C4384BC1181E159000A4FC4 /* XMCondition.h */ = {isa = PBXFileReference; fileEncoding = 4; lastKnownFileType = sourcecode.c.h; path = XMCondition.h; sourceTree = "<group>"; };
		7C4384BD1181E159000A4FC4 /* XMCondition.m */ = {isa = PBXFileReference; fileEncoding = 4; lastKnownFileType = sourcecode.c.objc; path = XMCondition.m; sourceTree = "<group>"; };
		7C6226B611A53E5C0042495A /* MaptimizeKit.h */ = {isa = PBXFileReference; fileEncoding = 4; lastKnownFileType = sourcecode.c.h; path = MaptimizeKit.h; sourceTree = "<group>"; };
		7C6226EB11A5413E0042495A /* XMMapControllerDelegate.h */ = {isa = PBXFileReference; fileEncoding = 4; lastKnownFileType = sourcecode.c.h; path = XMMapControllerDelegate.h; sourceTree = "<group>"; };
		7C6226F811A546490042495A /* XMOptimizeServiceDelegate.h */ = {isa = PBXFileReference; fileEncoding = 4; lastKnownFileType = sourcecode.c.h; path = XMOptimizeServiceDelegate.h; sourceTree = "<group>"; };
		7C62271011A547760042495A /* XMOptimizeServiceParser.h */ = {isa = PBXFileReference; fileEncoding = 4; lastKnownFileType = sourcecode.c.h; path = XMOptimizeServiceParser.h; sourceTree = "<group>"; };
		7C62271911A54A130042495A /* XMTileServiceDelegate.h */ = {isa = PBXFileReference; fileEncoding = 4; lastKnownFileType = sourcecode.c.h; path = XMTileServiceDelegate.h; sourceTree = "<group>"; };
		7C62274811A54C570042495A /* XMClusterizeInfo.h */ = {isa = PBXFileReference; fileEncoding = 4; lastKnownFileType = sourcecode.c.h; path = XMClusterizeInfo.h; sourceTree = "<group>"; };
		7C62274911A54C570042495A /* XMClusterizeInfo.m */ = {isa = PBXFileReference; fileEncoding = 4; lastKnownFileType = sourcecode.c.objc; path = XMClusterizeInfo.m; sourceTree = "<group>"; };
		7C62276011A54E0C0042495A /* XMTileInfo.h */ = {isa = PBXFileReference; fileEncoding = 4; lastKnownFileType = sourcecode.c.h; path = XMTileInfo.h; sourceTree = "<group>"; };
		7C62276111A54E0C0042495A /* XMTileInfo.m */ = {isa = PBXFileReference; fileEncoding = 4; lastKnownFileType = sourcecode.c.objc; path = XMTileInfo.m; sourceTree = "<group>"; };
		7C62277E11A555080042495A /* XMTileCacheDelegate.h */ = {isa = PBXFileReference; fileEncoding = 4; lastKnownFileType = sourcecode.c.h; path = XMTileCacheDelegate.h; sourceTree = "<group>"; };
		7C6227CD11A559DC0042495A /* XMBase.h */ = {isa = PBXFileReference; fileEncoding = 4; lastKnownFileType = sourcecode.c.h; path = XMBase.h; sourceTree = "<group>"; };
		7C62282C11A5613A0042495A /* XMNetworkUtils.h */ = {isa = PBXFileReference; fileEncoding = 4; lastKnownFileType = sourcecode.c.h; path = XMNetworkUtils.h; sourceTree = "<group>"; };
		7C62282D11A5613A0042495A /* XMNetworkUtils.m */ = {isa = PBXFileReference; fileEncoding = 4; lastKnownFileType = sourcecode.c.objc; path = XMNetworkUtils.m; sourceTree = "<group>"; };
		7C62294D11A58F7D0042495A /* SCMemoryManagement.h */ = {isa = PBXFileReference; fileEncoding = 4; lastKnownFileType = sourcecode.c.h; name = SCMemoryManagement.h; path = TouchCustoms/Classes/SCMemoryManagement.h; sourceTree = "<group>"; };
		7C62294E11A58F7D0042495A /* SCLog.h */ = {isa = PBXFileReference; fileEncoding = 4; lastKnownFileType = sourcecode.c.h; name = SCLog.h; path = TouchCustoms/Classes/SCLog.h; sourceTree = "<group>"; };
		7C62299F11A593270042495A /* XMConfig.h */ = {isa = PBXFileReference; fileEncoding = 4; lastKnownFileType = sourcecode.c.h; path = XMConfig.h; sourceTree = "<group>"; };
		7CFBA1AD117C8452001128B5 /* XMOptimizeService.h */ = {isa = PBXFileReference; fileEncoding = 4; lastKnownFileType = sourcecode.c.h; path = XMOptimizeService.h; sourceTree = "<group>"; };
		7CFBA1AE117C8452001128B5 /* XMOptimizeService.m */ = {isa = PBXFileReference; fileEncoding = 4; lastKnownFileType = sourcecode.c.objc; path = XMOptimizeService.m; sourceTree = "<group>"; };
		7CFBA209117C8AE0001128B5 /* ASIHTTPRequestConfig.h */ = {isa = PBXFileReference; fileEncoding = 4; lastKnownFileType = sourcecode.c.h; name = ASIHTTPRequestConfig.h; path = ASIHTTPRequest/Classes/ASIHTTPRequestConfig.h; sourceTree = SOURCE_ROOT; };
		7CFBA20A117C8AE0001128B5 /* ASIHTTPRequestDelegate.h */ = {isa = PBXFileReference; fileEncoding = 4; lastKnownFileType = sourcecode.c.h; name = ASIHTTPRequestDelegate.h; path = ASIHTTPRequest/Classes/ASIHTTPRequestDelegate.h; sourceTree = SOURCE_ROOT; };
		7CFBA20D117C8B09001128B5 /* ASIProgressDelegate.h */ = {isa = PBXFileReference; fileEncoding = 4; lastKnownFileType = sourcecode.c.h; name = ASIProgressDelegate.h; path = ASIHTTPRequest/Classes/ASIProgressDelegate.h; sourceTree = SOURCE_ROOT; };
		7CFBA20F117C8B17001128B5 /* ASIInputStream.h */ = {isa = PBXFileReference; fileEncoding = 4; lastKnownFileType = sourcecode.c.h; name = ASIInputStream.h; path = ASIHTTPRequest/Classes/ASIInputStream.h; sourceTree = SOURCE_ROOT; };
		7CFBA210117C8B17001128B5 /* ASIInputStream.m */ = {isa = PBXFileReference; fileEncoding = 4; lastKnownFileType = sourcecode.c.objc; name = ASIInputStream.m; path = ASIHTTPRequest/Classes/ASIInputStream.m; sourceTree = SOURCE_ROOT; };
		7CFBA213117C8B2F001128B5 /* ASIHTTPRequest.h */ = {isa = PBXFileReference; fileEncoding = 4; lastKnownFileType = sourcecode.c.h; name = ASIHTTPRequest.h; path = ASIHTTPRequest/Classes/ASIHTTPRequest.h; sourceTree = SOURCE_ROOT; };
		7CFBA214117C8B2F001128B5 /* ASIHTTPRequest.m */ = {isa = PBXFileReference; fileEncoding = 4; lastKnownFileType = sourcecode.c.objc; name = ASIHTTPRequest.m; path = ASIHTTPRequest/Classes/ASIHTTPRequest.m; sourceTree = SOURCE_ROOT; };
		7CFBA217117C8B45001128B5 /* ASINetworkQueue.h */ = {isa = PBXFileReference; fileEncoding = 4; lastKnownFileType = sourcecode.c.h; name = ASINetworkQueue.h; path = ASIHTTPRequest/Classes/ASINetworkQueue.h; sourceTree = SOURCE_ROOT; };
		7CFBA218117C8B45001128B5 /* ASINetworkQueue.m */ = {isa = PBXFileReference; fileEncoding = 4; lastKnownFileType = sourcecode.c.objc; name = ASINetworkQueue.m; path = ASIHTTPRequest/Classes/ASINetworkQueue.m; sourceTree = SOURCE_ROOT; };
		7CFBA219117C8B45001128B5 /* ASINSStringAdditions.h */ = {isa = PBXFileReference; fileEncoding = 4; lastKnownFileType = sourcecode.c.h; name = ASINSStringAdditions.h; path = ASIHTTPRequest/Classes/ASINSStringAdditions.h; sourceTree = SOURCE_ROOT; };
		7CFBA21A117C8B45001128B5 /* ASINSStringAdditions.m */ = {isa = PBXFileReference; fileEncoding = 4; lastKnownFileType = sourcecode.c.objc; name = ASINSStringAdditions.m; path = ASIHTTPRequest/Classes/ASINSStringAdditions.m; sourceTree = SOURCE_ROOT; };
		7CFBA21F117C8B55001128B5 /* ASIFormDataRequest.h */ = {isa = PBXFileReference; fileEncoding = 4; lastKnownFileType = sourcecode.c.h; name = ASIFormDataRequest.h; path = ASIHTTPRequest/Classes/ASIFormDataRequest.h; sourceTree = SOURCE_ROOT; };
		7CFBA220117C8B55001128B5 /* ASIFormDataRequest.m */ = {isa = PBXFileReference; fileEncoding = 4; lastKnownFileType = sourcecode.c.objc; name = ASIFormDataRequest.m; path = ASIHTTPRequest/Classes/ASIFormDataRequest.m; sourceTree = SOURCE_ROOT; };
		7CFBA223117C8B80001128B5 /* ASIAuthenticationDialog.h */ = {isa = PBXFileReference; fileEncoding = 4; lastKnownFileType = sourcecode.c.h; name = ASIAuthenticationDialog.h; path = ASIHTTPRequest/Classes/ASIAuthenticationDialog.h; sourceTree = SOURCE_ROOT; };
		7CFBA224117C8B80001128B5 /* ASIAuthenticationDialog.m */ = {isa = PBXFileReference; fileEncoding = 4; lastKnownFileType = sourcecode.c.objc; name = ASIAuthenticationDialog.m; path = ASIHTTPRequest/Classes/ASIAuthenticationDialog.m; sourceTree = SOURCE_ROOT; };
		7CFBA227117C8C00001128B5 /* Reachability.h */ = {isa = PBXFileReference; fileEncoding = 4; lastKnownFileType = sourcecode.c.h; name = Reachability.h; path = ASIHTTPRequest/External/Reachability2.0/Reachability.h; sourceTree = SOURCE_ROOT; };
		7CFBA228117C8C00001128B5 /* Reachability.m */ = {isa = PBXFileReference; fileEncoding = 4; lastKnownFileType = sourcecode.c.objc; name = Reachability.m; path = ASIHTTPRequest/External/Reachability2.0/Reachability.m; sourceTree = SOURCE_ROOT; };
		7CFBA27C117C8C8D001128B5 /* CFNetwork.framework */ = {isa = PBXFileReference; lastKnownFileType = wrapper.framework; name = CFNetwork.framework; path = System/Library/Frameworks/CFNetwork.framework; sourceTree = SDKROOT; };
		7CFBA27E117C8C9C001128B5 /* SystemConfiguration.framework */ = {isa = PBXFileReference; lastKnownFileType = wrapper.framework; name = SystemConfiguration.framework; path = System/Library/Frameworks/SystemConfiguration.framework; sourceTree = SDKROOT; };
		7CFBA280117C8CAA001128B5 /* MobileCoreServices.framework */ = {isa = PBXFileReference; lastKnownFileType = wrapper.framework; name = MobileCoreServices.framework; path = System/Library/Frameworks/MobileCoreServices.framework; sourceTree = SDKROOT; };
		7CFBA282117C8CC2001128B5 /* libz.1.2.3.dylib */ = {isa = PBXFileReference; lastKnownFileType = "compiled.mach-o.dylib"; name = libz.1.2.3.dylib; path = usr/lib/libz.1.2.3.dylib; sourceTree = SDKROOT; };
		7CFBA2B1117C8D42001128B5 /* UIKit.framework */ = {isa = PBXFileReference; lastKnownFileType = wrapper.framework; name = UIKit.framework; path = System/Library/Frameworks/UIKit.framework; sourceTree = SDKROOT; };
		7CFBA2D1117C8E6C001128B5 /* JSON.h */ = {isa = PBXFileReference; fileEncoding = 4; lastKnownFileType = sourcecode.c.h; path = JSON.h; sourceTree = "<group>"; };
		7CFBA2D2117C8E6C001128B5 /* NSObject+SBJSON.h */ = {isa = PBXFileReference; fileEncoding = 4; lastKnownFileType = sourcecode.c.h; path = "NSObject+SBJSON.h"; sourceTree = "<group>"; };
		7CFBA2D3117C8E6C001128B5 /* NSObject+SBJSON.m */ = {isa = PBXFileReference; fileEncoding = 4; lastKnownFileType = sourcecode.c.objc; path = "NSObject+SBJSON.m"; sourceTree = "<group>"; };
		7CFBA2D4117C8E6C001128B5 /* NSString+SBJSON.h */ = {isa = PBXFileReference; fileEncoding = 4; lastKnownFileType = sourcecode.c.h; path = "NSString+SBJSON.h"; sourceTree = "<group>"; };
		7CFBA2D5117C8E6C001128B5 /* NSString+SBJSON.m */ = {isa = PBXFileReference; fileEncoding = 4; lastKnownFileType = sourcecode.c.objc; path = "NSString+SBJSON.m"; sourceTree = "<group>"; };
		7CFBA2D6117C8E6C001128B5 /* SBJSON.h */ = {isa = PBXFileReference; fileEncoding = 4; lastKnownFileType = sourcecode.c.h; path = SBJSON.h; sourceTree = "<group>"; };
		7CFBA2D7117C8E6C001128B5 /* SBJSON.m */ = {isa = PBXFileReference; fileEncoding = 4; lastKnownFileType = sourcecode.c.objc; path = SBJSON.m; sourceTree = "<group>"; };
		7CFBA2D8117C8E6C001128B5 /* SBJsonBase.h */ = {isa = PBXFileReference; fileEncoding = 4; lastKnownFileType = sourcecode.c.h; path = SBJsonBase.h; sourceTree = "<group>"; };
		7CFBA2D9117C8E6C001128B5 /* SBJsonBase.m */ = {isa = PBXFileReference; fileEncoding = 4; lastKnownFileType = sourcecode.c.objc; path = SBJsonBase.m; sourceTree = "<group>"; };
		7CFBA2DA117C8E6C001128B5 /* SBJsonParser.h */ = {isa = PBXFileReference; fileEncoding = 4; lastKnownFileType = sourcecode.c.h; path = SBJsonParser.h; sourceTree = "<group>"; };
		7CFBA2DB117C8E6C001128B5 /* SBJsonParser.m */ = {isa = PBXFileReference; fileEncoding = 4; lastKnownFileType = sourcecode.c.objc; path = SBJsonParser.m; sourceTree = "<group>"; };
		7CFBA2DC117C8E6C001128B5 /* SBJsonWriter.h */ = {isa = PBXFileReference; fileEncoding = 4; lastKnownFileType = sourcecode.c.h; path = SBJsonWriter.h; sourceTree = "<group>"; };
		7CFBA2DD117C8E6C001128B5 /* SBJsonWriter.m */ = {isa = PBXFileReference; fileEncoding = 4; lastKnownFileType = sourcecode.c.objc; path = SBJsonWriter.m; sourceTree = "<group>"; };
		7CFBA345117C922B001128B5 /* XMNetworkErrors.h */ = {isa = PBXFileReference; fileEncoding = 4; lastKnownFileType = sourcecode.c.h; path = XMNetworkErrors.h; sourceTree = "<group>"; };
		7CFBA370117C94A2001128B5 /* CoreLocation.framework */ = {isa = PBXFileReference; lastKnownFileType = wrapper.framework; name = CoreLocation.framework; path = System/Library/Frameworks/CoreLocation.framework; sourceTree = SDKROOT; };
		7CFBA376117C94DC001128B5 /* MapKit.framework */ = {isa = PBXFileReference; lastKnownFileType = wrapper.framework; name = MapKit.framework; path = System/Library/Frameworks/MapKit.framework; sourceTree = SDKROOT; };
		7CFBA8BB117DF1A1001128B5 /* XMCluster.h */ = {isa = PBXFileReference; fileEncoding = 4; lastKnownFileType = sourcecode.c.h; path = XMCluster.h; sourceTree = "<group>"; };
		7CFBA8BC117DF1A1001128B5 /* XMCluster.m */ = {isa = PBXFileReference; fileEncoding = 4; lastKnownFileType = sourcecode.c.objc; path = XMCluster.m; sourceTree = "<group>"; };
		AA747D9E0F9514B9006C5449 /* MaptimizeKit_Prefix.pch */ = {isa = PBXFileReference; fileEncoding = 4; lastKnownFileType = sourcecode.c.h; path = MaptimizeKit_Prefix.pch; sourceTree = SOURCE_ROOT; };
		AACBBE490F95108600F1A2B1 /* Foundation.framework */ = {isa = PBXFileReference; lastKnownFileType = wrapper.framework; name = Foundation.framework; path = System/Library/Frameworks/Foundation.framework; sourceTree = SDKROOT; };
		D2AAC07E0554694100DB518D /* libMaptimizeKit.a */ = {isa = PBXFileReference; explicitFileType = archive.ar; includeInIndex = 0; path = libMaptimizeKit.a; sourceTree = BUILT_PRODUCTS_DIR; };
/* End PBXFileReference section */

/* Begin PBXFrameworksBuildPhase section */
		D2AAC07C0554694100DB518D /* Frameworks */ = {
			isa = PBXFrameworksBuildPhase;
			buildActionMask = 2147483647;
			files = (
				AACBBE4A0F95108600F1A2B1 /* Foundation.framework in Frameworks */,
				7CFBA27D117C8C8D001128B5 /* CFNetwork.framework in Frameworks */,
				7CFBA27F117C8C9C001128B5 /* SystemConfiguration.framework in Frameworks */,
				7CFBA281117C8CAA001128B5 /* MobileCoreServices.framework in Frameworks */,
				7CFBA283117C8CC2001128B5 /* libz.1.2.3.dylib in Frameworks */,
				7CFBA2B2117C8D42001128B5 /* UIKit.framework in Frameworks */,
				7CFBA371117C94A2001128B5 /* CoreLocation.framework in Frameworks */,
				7CFBA377117C94DC001128B5 /* MapKit.framework in Frameworks */,
			);
			runOnlyForDeploymentPostprocessing = 0;
		};
/* End PBXFrameworksBuildPhase section */

/* Begin PBXGroup section */
		034768DFFF38A50411DB9C8B /* Products */ = {
			isa = PBXGroup;
			children = (
				D2AAC07E0554694100DB518D /* libMaptimizeKit.a */,
			);
			name = Products;
			sourceTree = "<group>";
		};
		0867D691FE84028FC02AAC07 /* MaptimizeKit */ = {
			isa = PBXGroup;
			children = (
				08FB77AEFE84172EC02AAC07 /* Classes */,
				32C88DFF0371C24200C91783 /* Other Sources */,
				0867D69AFE84028FC02AAC07 /* Frameworks */,
				034768DFFF38A50411DB9C8B /* Products */,
			);
			name = MaptimizeKit;
			sourceTree = "<group>";
		};
		0867D69AFE84028FC02AAC07 /* Frameworks */ = {
			isa = PBXGroup;
			children = (
				7CFBA2B1117C8D42001128B5 /* UIKit.framework */,
				7CFBA370117C94A2001128B5 /* CoreLocation.framework */,
				7CFBA376117C94DC001128B5 /* MapKit.framework */,
				7CFBA27C117C8C8D001128B5 /* CFNetwork.framework */,
				7CFBA27E117C8C9C001128B5 /* SystemConfiguration.framework */,
				7CFBA280117C8CAA001128B5 /* MobileCoreServices.framework */,
				7CFBA282117C8CC2001128B5 /* libz.1.2.3.dylib */,
				AACBBE490F95108600F1A2B1 /* Foundation.framework */,
			);
			name = Frameworks;
			sourceTree = "<group>";
		};
		08FB77AEFE84172EC02AAC07 /* Classes */ = {
			isa = PBXGroup;
			children = (
				7C6227CF11A55A000042495A /* Global */,
				7C4383981181B548000A4FC4 /* Model */,
				7C4383971181B508000A4FC4 /* Network */,
				7C4383991181B572000A4FC4 /* Tiling */,
				7C43839A1181B5CA000A4FC4 /* Map */,
				7C6226B611A53E5C0042495A /* MaptimizeKit.h */,
			);
			path = Classes;
			sourceTree = "<group>";
		};
		32C88DFF0371C24200C91783 /* Other Sources */ = {
			isa = PBXGroup;
			children = (
				7C62294C11A58F570042495A /* TouchCustoms */,
				7CFBA2D0117C8E56001128B5 /* JSON */,
				7CFBA205117C88D6001128B5 /* ASIHTTPRequest */,
				AA747D9E0F9514B9006C5449 /* MaptimizeKit_Prefix.pch */,
			);
			name = "Other Sources";
			sourceTree = "<group>";
		};
		7C4383971181B508000A4FC4 /* Network */ = {
			isa = PBXGroup;
			children = (
				7C6226BA11A5400A0042495A /* Request */,
				7CFBA345117C922B001128B5 /* XMNetworkErrors.h */,
				7C62282C11A5613A0042495A /* XMNetworkUtils.h */,
				7C62282D11A5613A0042495A /* XMNetworkUtils.m */,
				7C43818E11818BF1000A4FC4 /* XMBounds.h */,
				7C43818F11818BF1000A4FC4 /* XMBounds.m */,
				7C4384BC1181E159000A4FC4 /* XMCondition.h */,
				7C4384BD1181E159000A4FC4 /* XMCondition.m */,
				7C6226F811A546490042495A /* XMOptimizeServiceDelegate.h */,
				7C62271011A547760042495A /* XMOptimizeServiceParser.h */,
				7CFBA1AD117C8452001128B5 /* XMOptimizeService.h */,
				7CFBA1AE117C8452001128B5 /* XMOptimizeService.m */,
			);
			name = Network;
			sourceTree = "<group>";
		};
		7C4383981181B548000A4FC4 /* Model */ = {
			isa = PBXGroup;
			children = (
				7C4380891180BA0F000A4FC4 /* XMPlacemark.h */,
				7C43808A1180BA0F000A4FC4 /* XMPlacemark.m */,
				7CFBA8BB117DF1A1001128B5 /* XMCluster.h */,
				7CFBA8BC117DF1A1001128B5 /* XMCluster.m */,
				7C4380711180B7C2000A4FC4 /* XMMarker.h */,
				7C4380721180B7C2000A4FC4 /* XMMarker.m */,
				7C4383C31181BBDB000A4FC4 /* XMGraph.h */,
				7C4383C41181BBDB000A4FC4 /* XMGraph.m */,
			);
			name = Model;
			sourceTree = "<group>";
		};
		7C4383991181B572000A4FC4 /* Tiling */ = {
			isa = PBXGroup;
			children = (
				7C437E0C11805F13000A4FC4 /* XMTile.h */,
				7C437E0D11805F13000A4FC4 /* XMTile.m */,
				7C62277E11A555080042495A /* XMTileCacheDelegate.h */,
				7C437E0611805D79000A4FC4 /* XMTileCache.h */,
				7C437E0711805D79000A4FC4 /* XMTileCache.m */,
				7C62276011A54E0C0042495A /* XMTileInfo.h */,
				7C62276111A54E0C0042495A /* XMTileInfo.m */,
				7C62274811A54C570042495A /* XMClusterizeInfo.h */,
				7C62274911A54C570042495A /* XMClusterizeInfo.m */,
				7C62271911A54A130042495A /* XMTileServiceDelegate.h */,
				7C437D831180417E000A4FC4 /* XMTileService.h */,
				7C437D841180417E000A4FC4 /* XMTileService.m */,
			);
			name = Tiling;
			sourceTree = "<group>";
		};
		7C43839A1181B5CA000A4FC4 /* Map */ = {
			isa = PBXGroup;
			children = (
				7C437A6D117F04CA000A4FC4 /* XMMercatorProjection.h */,
				7C437A6E117F04CA000A4FC4 /* XMMercatorProjection.m */,
				7C6226EB11A5413E0042495A /* XMMapControllerDelegate.h */,
				7C437FD21180A3A7000A4FC4 /* XMMapController.h */,
				7C437FD31180A3A7000A4FC4 /* XMMapController.m */,
				7C437C81117F5C10000A4FC4 /* XMClusterView.h */,
				7C437C82117F5C10000A4FC4 /* XMClusterView.m */,
			);
			name = Map;
			sourceTree = "<group>";
		};
		7C6226BA11A5400A0042495A /* Request */ = {
			isa = PBXGroup;
			children = (
				7C43818A11818B47000A4FC4 /* XMRequest.h */,
				7C43818B11818B47000A4FC4 /* XMRequest.m */,
				7C4381F91181A593000A4FC4 /* XMClusterizeRequest.h */,
				7C4381FA1181A593000A4FC4 /* XMClusterizeRequest.m */,
				7C4382151181A8A0000A4FC4 /* XMSelectRequest.h */,
				7C4382161181A8A0000A4FC4 /* XMSelectRequest.m */,
			);
			name = Request;
			sourceTree = "<group>";
		};
		7C6227CF11A55A000042495A /* Global */ = {
			isa = PBXGroup;
			children = (
				7C62299F11A593270042495A /* XMConfig.h */,
				7C6227CD11A559DC0042495A /* XMBase.h */,
			);
			name = Global;
			sourceTree = "<group>";
		};
		7C62294C11A58F570042495A /* TouchCustoms */ = {
			isa = PBXGroup;
			children = (
				7C62294D11A58F7D0042495A /* SCMemoryManagement.h */,
				7C62294E11A58F7D0042495A /* SCLog.h */,
			);
			name = TouchCustoms;
			sourceTree = "<group>";
		};
		7CFBA205117C88D6001128B5 /* ASIHTTPRequest */ = {
			isa = PBXGroup;
			children = (
				7CFBA227117C8C00001128B5 /* Reachability.h */,
				7CFBA228117C8C00001128B5 /* Reachability.m */,
				7CFBA223117C8B80001128B5 /* ASIAuthenticationDialog.h */,
				7CFBA224117C8B80001128B5 /* ASIAuthenticationDialog.m */,
				7CFBA21F117C8B55001128B5 /* ASIFormDataRequest.h */,
				7CFBA220117C8B55001128B5 /* ASIFormDataRequest.m */,
				7CFBA217117C8B45001128B5 /* ASINetworkQueue.h */,
				7CFBA218117C8B45001128B5 /* ASINetworkQueue.m */,
				7CFBA219117C8B45001128B5 /* ASINSStringAdditions.h */,
				7CFBA21A117C8B45001128B5 /* ASINSStringAdditions.m */,
				7CFBA213117C8B2F001128B5 /* ASIHTTPRequest.h */,
				7CFBA214117C8B2F001128B5 /* ASIHTTPRequest.m */,
				7CFBA20F117C8B17001128B5 /* ASIInputStream.h */,
				7CFBA210117C8B17001128B5 /* ASIInputStream.m */,
				7CFBA20D117C8B09001128B5 /* ASIProgressDelegate.h */,
				7CFBA209117C8AE0001128B5 /* ASIHTTPRequestConfig.h */,
				7CFBA20A117C8AE0001128B5 /* ASIHTTPRequestDelegate.h */,
			);
			name = ASIHTTPRequest;
			path = Classes;
			sourceTree = "<group>";
		};
		7CFBA2D0117C8E56001128B5 /* JSON */ = {
			isa = PBXGroup;
			children = (
				7CFBA2D1117C8E6C001128B5 /* JSON.h */,
				7CFBA2D2117C8E6C001128B5 /* NSObject+SBJSON.h */,
				7CFBA2D3117C8E6C001128B5 /* NSObject+SBJSON.m */,
				7CFBA2D4117C8E6C001128B5 /* NSString+SBJSON.h */,
				7CFBA2D5117C8E6C001128B5 /* NSString+SBJSON.m */,
				7CFBA2D6117C8E6C001128B5 /* SBJSON.h */,
				7CFBA2D7117C8E6C001128B5 /* SBJSON.m */,
				7CFBA2D8117C8E6C001128B5 /* SBJsonBase.h */,
				7CFBA2D9117C8E6C001128B5 /* SBJsonBase.m */,
				7CFBA2DA117C8E6C001128B5 /* SBJsonParser.h */,
				7CFBA2DB117C8E6C001128B5 /* SBJsonParser.m */,
				7CFBA2DC117C8E6C001128B5 /* SBJsonWriter.h */,
				7CFBA2DD117C8E6C001128B5 /* SBJsonWriter.m */,
			);
			name = JSON;
			path = Classes;
			sourceTree = "<group>";
		};
/* End PBXGroup section */

/* Begin PBXHeadersBuildPhase section */
		D2AAC07A0554694100DB518D /* Headers */ = {
			isa = PBXHeadersBuildPhase;
			buildActionMask = 2147483647;
			files = (
				AA747D9F0F9514B9006C5449 /* MaptimizeKit_Prefix.pch in Headers */,
				7CFBA1AF117C8452001128B5 /* XMOptimizeService.h in Headers */,
				7CFBA20B117C8AE0001128B5 /* ASIHTTPRequestConfig.h in Headers */,
				7CFBA20C117C8AE0001128B5 /* ASIHTTPRequestDelegate.h in Headers */,
				7CFBA20E117C8B09001128B5 /* ASIProgressDelegate.h in Headers */,
				7CFBA211117C8B17001128B5 /* ASIInputStream.h in Headers */,
				7CFBA215117C8B2F001128B5 /* ASIHTTPRequest.h in Headers */,
				7CFBA21B117C8B45001128B5 /* ASINetworkQueue.h in Headers */,
				7CFBA21D117C8B45001128B5 /* ASINSStringAdditions.h in Headers */,
				7CFBA221117C8B55001128B5 /* ASIFormDataRequest.h in Headers */,
				7CFBA225117C8B80001128B5 /* ASIAuthenticationDialog.h in Headers */,
				7CFBA229117C8C00001128B5 /* Reachability.h in Headers */,
				7CFBA2DE117C8E6C001128B5 /* JSON.h in Headers */,
				7CFBA2DF117C8E6C001128B5 /* NSObject+SBJSON.h in Headers */,
				7CFBA2E1117C8E6C001128B5 /* NSString+SBJSON.h in Headers */,
				7CFBA2E3117C8E6C001128B5 /* SBJSON.h in Headers */,
				7CFBA2E5117C8E6C001128B5 /* SBJsonBase.h in Headers */,
				7CFBA2E7117C8E6C001128B5 /* SBJsonParser.h in Headers */,
				7CFBA2E9117C8E6C001128B5 /* SBJsonWriter.h in Headers */,
				7CFBA346117C922B001128B5 /* XMNetworkErrors.h in Headers */,
				7CFBA8BD117DF1A1001128B5 /* XMCluster.h in Headers */,
				7C437A6F117F04CA000A4FC4 /* XMMercatorProjection.h in Headers */,
				7C437C83117F5C10000A4FC4 /* XMClusterView.h in Headers */,
				7C437D851180417E000A4FC4 /* XMTileService.h in Headers */,
				7C437E0811805D79000A4FC4 /* XMTileCache.h in Headers */,
				7C437E0E11805F13000A4FC4 /* XMTile.h in Headers */,
				7C437FD41180A3A7000A4FC4 /* XMMapController.h in Headers */,
				7C4380731180B7C2000A4FC4 /* XMMarker.h in Headers */,
				7C43808B1180BA0F000A4FC4 /* XMPlacemark.h in Headers */,
				7C43818C11818B47000A4FC4 /* XMRequest.h in Headers */,
				7C43819011818BF1000A4FC4 /* XMBounds.h in Headers */,
				7C4381FB1181A593000A4FC4 /* XMClusterizeRequest.h in Headers */,
				7C4382171181A8A0000A4FC4 /* XMSelectRequest.h in Headers */,
				7C4383C51181BBDB000A4FC4 /* XMGraph.h in Headers */,
				7C4384BE1181E159000A4FC4 /* XMCondition.h in Headers */,
				7C6226B711A53E5C0042495A /* MaptimizeKit.h in Headers */,
				7C6226EC11A5413E0042495A /* XMMapControllerDelegate.h in Headers */,
				7C6226F911A546490042495A /* XMOptimizeServiceDelegate.h in Headers */,
				7C62271111A547760042495A /* XMOptimizeServiceParser.h in Headers */,
				7C62271A11A54A130042495A /* XMTileServiceDelegate.h in Headers */,
				7C62274A11A54C570042495A /* XMClusterizeInfo.h in Headers */,
				7C62276211A54E0C0042495A /* XMTileInfo.h in Headers */,
				7C62277F11A555080042495A /* XMTileCacheDelegate.h in Headers */,
				7C6227CE11A559DC0042495A /* XMBase.h in Headers */,
				7C62282E11A5613A0042495A /* XMNetworkUtils.h in Headers */,
				7C62294F11A58F7D0042495A /* SCMemoryManagement.h in Headers */,
				7C62295011A58F7D0042495A /* SCLog.h in Headers */,
				7C6229A011A593270042495A /* XMConfig.h in Headers */,
			);
			runOnlyForDeploymentPostprocessing = 0;
		};
/* End PBXHeadersBuildPhase section */

/* Begin PBXNativeTarget section */
		D2AAC07D0554694100DB518D /* MaptimizeKit */ = {
			isa = PBXNativeTarget;
			buildConfigurationList = 1DEB921E08733DC00010E9CD /* Build configuration list for PBXNativeTarget "MaptimizeKit" */;
			buildPhases = (
				D2AAC07A0554694100DB518D /* Headers */,
				D2AAC07B0554694100DB518D /* Sources */,
				D2AAC07C0554694100DB518D /* Frameworks */,
			);
			buildRules = (
			);
			dependencies = (
			);
			name = MaptimizeKit;
			productName = MaptimizeKit;
			productReference = D2AAC07E0554694100DB518D /* libMaptimizeKit.a */;
			productType = "com.apple.product-type.library.static";
		};
/* End PBXNativeTarget section */

/* Begin PBXProject section */
		0867D690FE84028FC02AAC07 /* Project object */ = {
			isa = PBXProject;
			buildConfigurationList = 1DEB922208733DC00010E9CD /* Build configuration list for PBXProject "MaptimizeKit" */;
			compatibilityVersion = "Xcode 3.1";
			hasScannedForEncodings = 1;
			mainGroup = 0867D691FE84028FC02AAC07 /* MaptimizeKit */;
			productRefGroup = 034768DFFF38A50411DB9C8B /* Products */;
			projectDirPath = "";
			projectRoot = "";
			targets = (
				D2AAC07D0554694100DB518D /* MaptimizeKit */,
			);
		};
/* End PBXProject section */

/* Begin PBXSourcesBuildPhase section */
		D2AAC07B0554694100DB518D /* Sources */ = {
			isa = PBXSourcesBuildPhase;
			buildActionMask = 2147483647;
			files = (
				7CFBA1B0117C8452001128B5 /* XMOptimizeService.m in Sources */,
				7CFBA212117C8B17001128B5 /* ASIInputStream.m in Sources */,
				7CFBA216117C8B2F001128B5 /* ASIHTTPRequest.m in Sources */,
				7CFBA21C117C8B45001128B5 /* ASINetworkQueue.m in Sources */,
				7CFBA21E117C8B45001128B5 /* ASINSStringAdditions.m in Sources */,
				7CFBA222117C8B55001128B5 /* ASIFormDataRequest.m in Sources */,
				7CFBA226117C8B80001128B5 /* ASIAuthenticationDialog.m in Sources */,
				7CFBA22A117C8C00001128B5 /* Reachability.m in Sources */,
				7CFBA2E0117C8E6C001128B5 /* NSObject+SBJSON.m in Sources */,
				7CFBA2E2117C8E6C001128B5 /* NSString+SBJSON.m in Sources */,
				7CFBA2E4117C8E6C001128B5 /* SBJSON.m in Sources */,
				7CFBA2E6117C8E6C001128B5 /* SBJsonBase.m in Sources */,
				7CFBA2E8117C8E6C001128B5 /* SBJsonParser.m in Sources */,
				7CFBA2EA117C8E6C001128B5 /* SBJsonWriter.m in Sources */,
				7CFBA8BE117DF1A1001128B5 /* XMCluster.m in Sources */,
				7C437A70117F04CA000A4FC4 /* XMMercatorProjection.m in Sources */,
				7C437C84117F5C10000A4FC4 /* XMClusterView.m in Sources */,
				7C437D861180417E000A4FC4 /* XMTileService.m in Sources */,
				7C437E0911805D79000A4FC4 /* XMTileCache.m in Sources */,
				7C437E0F11805F13000A4FC4 /* XMTile.m in Sources */,
				7C437FD51180A3A7000A4FC4 /* XMMapController.m in Sources */,
				7C4380741180B7C2000A4FC4 /* XMMarker.m in Sources */,
				7C43808C1180BA0F000A4FC4 /* XMPlacemark.m in Sources */,
				7C43818D11818B47000A4FC4 /* XMRequest.m in Sources */,
				7C43819111818BF1000A4FC4 /* XMBounds.m in Sources */,
				7C4381FC1181A593000A4FC4 /* XMClusterizeRequest.m in Sources */,
				7C4382181181A8A0000A4FC4 /* XMSelectRequest.m in Sources */,
				7C4383C61181BBDB000A4FC4 /* XMGraph.m in Sources */,
				7C4384BF1181E159000A4FC4 /* XMCondition.m in Sources */,
				7C62274B11A54C570042495A /* XMClusterizeInfo.m in Sources */,
				7C62276311A54E0C0042495A /* XMTileInfo.m in Sources */,
				7C62282F11A5613A0042495A /* XMNetworkUtils.m in Sources */,
			);
			runOnlyForDeploymentPostprocessing = 0;
		};
/* End PBXSourcesBuildPhase section */

/* Begin XCBuildConfiguration section */
		1DEB921F08733DC00010E9CD /* Debug */ = {
			isa = XCBuildConfiguration;
			buildSettings = {
				ALWAYS_SEARCH_USER_PATHS = NO;
				ARCHS = "$(ARCHS_STANDARD_32_BIT)";
				COPY_PHASE_STRIP = NO;
				DSTROOT = /tmp/MaptimizeKit.dst;
				GCC_DYNAMIC_NO_PIC = NO;
				GCC_ENABLE_FIX_AND_CONTINUE = YES;
				GCC_MODEL_TUNING = G5;
				GCC_OPTIMIZATION_LEVEL = 0;
				GCC_PRECOMPILE_PREFIX_HEADER = YES;
				GCC_PREFIX_HEADER = MaptimizeKit_Prefix.pch;
				INSTALL_PATH = /usr/local/lib;
				OTHER_LDFLAGS = (
					"-all_load",
					"-ObjC",
				);
				PRODUCT_NAME = MaptimizeKit;
			};
			name = Debug;
		};
		1DEB922008733DC00010E9CD /* Release */ = {
			isa = XCBuildConfiguration;
			buildSettings = {
				ALWAYS_SEARCH_USER_PATHS = NO;
				ARCHS = "$(ARCHS_STANDARD_32_BIT)";
				DSTROOT = /tmp/MaptimizeKit.dst;
				GCC_MODEL_TUNING = G5;
				GCC_PRECOMPILE_PREFIX_HEADER = YES;
				GCC_PREFIX_HEADER = MaptimizeKit_Prefix.pch;
				INSTALL_PATH = /usr/local/lib;
				OTHER_LDFLAGS = (
					"-all_load",
					"-ObjC",
				);
				PRODUCT_NAME = MaptimizeKit;
			};
			name = Release;
		};
		1DEB922308733DC00010E9CD /* Debug */ = {
			isa = XCBuildConfiguration;
			buildSettings = {
				ARCHS = "$(ARCHS_STANDARD_32_BIT)";
				GCC_C_LANGUAGE_STANDARD = c99;
				GCC_OPTIMIZATION_LEVEL = 0;
				GCC_PREPROCESSOR_DEFINITIONS = "";
				GCC_WARN_ABOUT_RETURN_TYPE = YES;
				GCC_WARN_UNUSED_VARIABLE = YES;
				HEADER_SEARCH_PATHS = "";
				OTHER_LDFLAGS = "-ObjC";
				PREBINDING = NO;
				SDKROOT = iphoneos3.1.2;
			};
			name = Debug;
		};
		1DEB922408733DC00010E9CD /* Release */ = {
			isa = XCBuildConfiguration;
			buildSettings = {
				ARCHS = "$(ARCHS_STANDARD_32_BIT)";
				GCC_C_LANGUAGE_STANDARD = c99;
				GCC_PREPROCESSOR_DEFINITIONS = "";
				GCC_WARN_ABOUT_RETURN_TYPE = YES;
				GCC_WARN_UNUSED_VARIABLE = YES;
				OTHER_LDFLAGS = "-ObjC";
				PREBINDING = NO;
				SDKROOT = iphoneos3.1.2;
			};
			name = Release;
		};
/* End XCBuildConfiguration section */

/* Begin XCConfigurationList section */
		1DEB921E08733DC00010E9CD /* Build configuration list for PBXNativeTarget "MaptimizeKit" */ = {
			isa = XCConfigurationList;
			buildConfigurations = (
				1DEB921F08733DC00010E9CD /* Debug */,
				1DEB922008733DC00010E9CD /* Release */,
			);
			defaultConfigurationIsVisible = 0;
			defaultConfigurationName = Release;
		};
		1DEB922208733DC00010E9CD /* Build configuration list for PBXProject "MaptimizeKit" */ = {
			isa = XCConfigurationList;
			buildConfigurations = (
				1DEB922308733DC00010E9CD /* Debug */,
				1DEB922408733DC00010E9CD /* Release */,
			);
			defaultConfigurationIsVisible = 0;
			defaultConfigurationName = Release;
		};
/* End XCConfigurationList section */
	};
	rootObject = 0867D690FE84028FC02AAC07 /* Project object */;
}
